Microsoft Visual Studio Solution File, Format Version 12.00
# Visual Studio Version 16
VisualStudioVersion = 16.0.28407.52
MinimumVisualStudioVersion = 16.0.0.0
Project("{2150E333-8FDC-42A3-9474-1A3956D46DE8}") = "Authorization", "Authorization", "{F6A3381D-978A-4CBF-BC72-862FB75CD6AF}"
EndProject
Project("{2150E333-8FDC-42A3-9474-1A3956D46DE8}") = "Authentication", "Authentication", "{79C549BA-2932-450A-B87D-635879361343}"
EndProject
Project("{2150E333-8FDC-42A3-9474-1A3956D46DE8}") = "CookiePolicy", "CookiePolicy", "{92358ECF-92AE-4F7F-A891-9FA603B77352}"
EndProject
Project("{9A19103F-16F7-4668-BE54-9A1E7A4F7556}") = "Microsoft.AspNetCore.CookiePolicy", "CookiePolicy\src\Microsoft.AspNetCore.CookiePolicy.csproj", "{59727CCB-D4C6-4421-8469-F7891BFB6016}"
EndProject
Project("{9A19103F-16F7-4668-BE54-9A1E7A4F7556}") = "Microsoft.AspNetCore.CookiePolicy.Test", "CookiePolicy\test\Microsoft.AspNetCore.CookiePolicy.Test.csproj", "{75661B8D-0089-4EFF-A70E-F77318453003}"
EndProject
Project("{9A19103F-16F7-4668-BE54-9A1E7A4F7556}") = "CookiePolicySample", "CookiePolicy\samples\CookiePolicySample\CookiePolicySample.csproj", "{B48C6EE8-BCFA-47A5-A837-30DC9C261D7A}"
EndProject
Project("{9A19103F-16F7-4668-BE54-9A1E7A4F7556}") = "Microsoft.AspNetCore.Authorization", "Authorization\Core\src\Microsoft.AspNetCore.Authorization.csproj", "{DFAA25DE-5AC1-4505-A874-1A4A521827EA}"
EndProject
Project("{9A19103F-16F7-4668-BE54-9A1E7A4F7556}") = "Microsoft.AspNetCore.Authorization.Policy", "Authorization\Policy\src\Microsoft.AspNetCore.Authorization.Policy.csproj", "{37D7B212-5E9A-4489-B97A-74D6BE29787F}"
EndProject
Project("{9A19103F-16F7-4668-BE54-9A1E7A4F7556}") = "Microsoft.AspNetCore.Authorization.Test", "Authorization\test\Microsoft.AspNetCore.Authorization.Test.csproj", "{DFA0346F-61E1-496E-B844-AC485ED4682C}"
EndProject
Project("{9A19103F-16F7-4668-BE54-9A1E7A4F7556}") = "Microsoft.AspNetCore.Authentication.Test", "Authentication\test\Microsoft.AspNetCore.Authentication.Test.csproj", "{56CDE112-CBBE-4997-935F-978ACB732D98}"
EndProject
Project("{9A19103F-16F7-4668-BE54-9A1E7A4F7556}") = "SocialSample", "Authentication\samples\SocialSample\SocialSample.csproj", "{F3C2076F-0618-46FE-A620-F25CD9217474}"
EndProject
Project("{2150E333-8FDC-42A3-9474-1A3956D46DE8}") = "Cookies", "Cookies", "{50CDE025-8520-4678-A061-0864AE6D73F0}"
EndProject
Project("{9A19103F-16F7-4668-BE54-9A1E7A4F7556}") = "CookieSample", "Authentication\Cookies\samples\CookieSample\CookieSample.csproj", "{6452E57B-532D-441C-AF4B-F9BB8BA53083}"
EndProject
Project("{9A19103F-16F7-4668-BE54-9A1E7A4F7556}") = "CookieSessionSample", "Authentication\Cookies\samples\CookieSessionSample\CookieSessionSample.csproj", "{A5303DB4-07FF-4440-9ADA-D3116BA66116}"
EndProject
Project("{9A19103F-16F7-4668-BE54-9A1E7A4F7556}") = "Microsoft.AspNetCore.Authentication.Cookies", "Authentication\Cookies\src\Microsoft.AspNetCore.Authentication.Cookies.csproj", "{308E2FEF-C0D6-43D0-83FB-2A1CCB6BF4C3}"
EndProject
Project("{2150E333-8FDC-42A3-9474-1A3956D46DE8}") = "Core", "Core", "{81A6D039-E75E-4C22-B34B-39E7B9FEF0B8}"
EndProject
Project("{9A19103F-16F7-4668-BE54-9A1E7A4F7556}") = "Microsoft.AspNetCore.Authentication", "Authentication\Core\src\Microsoft.AspNetCore.Authentication.csproj", "{4AB2AFE9-7C0A-4466-B6F0-42997B251BF1}"
EndProject
Project("{2150E333-8FDC-42A3-9474-1A3956D46DE8}") = "Facebook", "Facebook", "{D2F81383-5C44-4EE8-906D-B563E7DA4D21}"
EndProject
Project("{9A19103F-16F7-4668-BE54-9A1E7A4F7556}") = "Microsoft.AspNetCore.Authentication.Facebook", "Authentication\Facebook\src\Microsoft.AspNetCore.Authentication.Facebook.csproj", "{4A110D33-787A-4C3B-B3A4-2024D235B9B4}"
EndProject
Project("{2150E333-8FDC-42A3-9474-1A3956D46DE8}") = "Google", "Google", "{6FD578B7-E513-43FE-AA16-2FF43787CBD6}"
EndProject
Project("{9A19103F-16F7-4668-BE54-9A1E7A4F7556}") = "Microsoft.AspNetCore.Authentication.Google", "Authentication\Google\src\Microsoft.AspNetCore.Authentication.Google.csproj", "{970DD190-0880-43F5-8A34-0D08BF587698}"
EndProject
Project("{2150E333-8FDC-42A3-9474-1A3956D46DE8}") = "JwtBearer", "JwtBearer", "{A9B19067-9962-470C-BDE7-C2DD5A0CEC07}"
EndProject
Project("{9A19103F-16F7-4668-BE54-9A1E7A4F7556}") = "JwtBearerSample", "Authentication\JwtBearer\samples\JwtBearerSample\JwtBearerSample.csproj", "{8E8A1A12-86D9-4DD1-B2B1-91AB905C4208}"
EndProject
Project("{9A19103F-16F7-4668-BE54-9A1E7A4F7556}") = "Microsoft.AspNetCore.Authentication.JwtBearer", "Authentication\JwtBearer\src\Microsoft.AspNetCore.Authentication.JwtBearer.csproj", "{3A9A46EC-EECB-40D0-AA08-C9DC34B4C109}"
EndProject
Project("{2150E333-8FDC-42A3-9474-1A3956D46DE8}") = "MicrosoftAccount", "MicrosoftAccount", "{29AD5BD7-E651-494F-8947-3DBBD89A78E8}"
EndProject
Project("{9A19103F-16F7-4668-BE54-9A1E7A4F7556}") = "Microsoft.AspNetCore.Authentication.MicrosoftAccount", "Authentication\MicrosoftAccount\src\Microsoft.AspNetCore.Authentication.MicrosoftAccount.csproj", "{EDA593EF-94B5-4934-BD82-D60E2E0BE037}"
EndProject
Project("{2150E333-8FDC-42A3-9474-1A3956D46DE8}") = "OAuth", "OAuth", "{217500EE-F445-4026-B140-C2598BF011C3}"
EndProject
Project("{9A19103F-16F7-4668-BE54-9A1E7A4F7556}") = "Microsoft.AspNetCore.Authentication.OAuth", "Authentication\OAuth\src\Microsoft.AspNetCore.Authentication.OAuth.csproj", "{CD98E208-7BD4-40AA-99C4-9428F86CB4EA}"
EndProject
Project("{2150E333-8FDC-42A3-9474-1A3956D46DE8}") = "OpenIdConnect", "OpenIdConnect", "{573F08AC-AA58-4640-BBDB-4BBC3B77CD42}"
EndProject
Project("{9A19103F-16F7-4668-BE54-9A1E7A4F7556}") = "OpenIdConnect.AzureAdSample", "Authentication\OpenIdConnect\samples\OpenIdConnect.AzureAdSample\OpenIdConnect.AzureAdSample.csproj", "{F72615C6-247B-4174-B457-C1938E8752B4}"
EndProject
Project("{9A19103F-16F7-4668-BE54-9A1E7A4F7556}") = "OpenIdConnectSample", "Authentication\OpenIdConnect\samples\OpenIdConnectSample\OpenIdConnectSample.csproj", "{FD4B9AB2-CFF8-4F5B-B2A6-D3B3E6024F97}"
EndProject
Project("{9A19103F-16F7-4668-BE54-9A1E7A4F7556}") = "Microsoft.AspNetCore.Authentication.OpenIdConnect", "Authentication\OpenIdConnect\src\Microsoft.AspNetCore.Authentication.OpenIdConnect.csproj", "{D716B232-B829-49CE-B2DF-1D4203C2552F}"
EndProject
Project("{2150E333-8FDC-42A3-9474-1A3956D46DE8}") = "Twitter", "Twitter", "{62643112-48C3-4F31-8D44-75B43DB0CD03}"
EndProject
Project("{9A19103F-16F7-4668-BE54-9A1E7A4F7556}") = "Microsoft.AspNetCore.Authentication.Twitter", "Authentication\Twitter\src\Microsoft.AspNetCore.Authentication.Twitter.csproj", "{F63BF7C2-DC33-4464-841E-1C9F8A40BEAA}"
EndProject
Project("{2150E333-8FDC-42A3-9474-1A3956D46DE8}") = "WsFederation", "WsFederation", "{777DB7C3-3CB7-457D-8A76-B09BB6DC71BB}"
EndProject
Project("{9A19103F-16F7-4668-BE54-9A1E7A4F7556}") = "WsFedSample", "Authentication\WsFederation\samples\WsFedSample\WsFedSample.csproj", "{B1386A87-D8CC-4238-8038-50A5321536CF}"
EndProject
Project("{9A19103F-16F7-4668-BE54-9A1E7A4F7556}") = "Microsoft.AspNetCore.Authentication.WsFederation", "Authentication\WsFederation\src\Microsoft.AspNetCore.Authentication.WsFederation.csproj", "{80B303B9-DD1F-4D1E-9E62-0F507CDFBC38}"
EndProject
Project("{2150E333-8FDC-42A3-9474-1A3956D46DE8}") = "_dependencies", "_dependencies", "{A3766414-EB5C-40F7-B031-121804ED5D0A}"
EndProject
Project("{9A19103F-16F7-4668-BE54-9A1E7A4F7556}") = "Microsoft.AspNetCore.Hosting", "..\Hosting\Hosting\src\Microsoft.AspNetCore.Hosting.csproj", "{E165C115-B85D-407E-A2C2-0D3D734EDF20}"
EndProject
Project("{9A19103F-16F7-4668-BE54-9A1E7A4F7556}") = "Microsoft.AspNetCore.TestHost", "..\Hosting\TestHost\src\Microsoft.AspNetCore.TestHost.csproj", "{B8469A11-026F-4186-B9E0-F6C6B1B9575D}"
EndProject
Project("{9A19103F-16F7-4668-BE54-9A1E7A4F7556}") = "Microsoft.AspNetCore.Http", "..\Http\Http\src\Microsoft.AspNetCore.Http.csproj", "{B6CA96E4-674A-4616-9A38-DED07BE458E1}"
EndProject
Project("{9A19103F-16F7-4668-BE54-9A1E7A4F7556}") = "Microsoft.AspNetCore.Diagnostics", "..\Middleware\Diagnostics\src\Microsoft.AspNetCore.Diagnostics.csproj", "{54CBBAED-36D5-4855-BB4E-D1AE3523AA23}"
EndProject
Project("{9A19103F-16F7-4668-BE54-9A1E7A4F7556}") = "Microsoft.AspNetCore.StaticFiles", "..\Middleware\StaticFiles\src\Microsoft.AspNetCore.StaticFiles.csproj", "{6FFBD7CD-2B7D-4EC9-8D18-54E53F852B04}"
EndProject
Project("{9A19103F-16F7-4668-BE54-9A1E7A4F7556}") = "Microsoft.AspNetCore.Server.Kestrel", "..\Servers\Kestrel\Kestrel\src\Microsoft.AspNetCore.Server.Kestrel.csproj", "{707CBFB4-4D35-479E-9BAF-39B4DA9782DE}"
EndProject
Project("{2150E333-8FDC-42A3-9474-1A3956D46DE8}") = "benchmarks", "benchmarks", "{55052FE3-F8C2-4E6C-97B0-C02ED1DBEA62}"
EndProject
Project("{9A19103F-16F7-4668-BE54-9A1E7A4F7556}") = "Microsoft.AspNetCore.Security.Performance", "benchmarks\Microsoft.AspNetCore.Security.Performance\Microsoft.AspNetCore.Security.Performance.csproj", "{556C4FAA-F4B1-4EA9-8921-CB1DF7D94C2A}"
EndProject
Project("{9A19103F-16F7-4668-BE54-9A1E7A4F7556}") = "Microsoft.AspNetCore.DataProtection.Abstractions", "..\DataProtection\Abstractions\src\Microsoft.AspNetCore.DataProtection.Abstractions.csproj", "{9F5EE06F-7885-42EB-AC38-FBB61F169320}"
EndProject
Project("{9A19103F-16F7-4668-BE54-9A1E7A4F7556}") = "Microsoft.AspNetCore.DataProtection", "..\DataProtection\DataProtection\src\Microsoft.AspNetCore.DataProtection.csproj", "{CAA228DC-C0A0-41E0-9CD0-6F0C2CF77E11}"
EndProject
Project("{9A19103F-16F7-4668-BE54-9A1E7A4F7556}") = "Microsoft.AspNetCore.Cryptography.Internal", "..\DataProtection\Cryptography.Internal\src\Microsoft.AspNetCore.Cryptography.Internal.csproj", "{ABF077D0-AEE6-4C3A-BCF2-D681E35B4A73}"
EndProject
Project("{9A19103F-16F7-4668-BE54-9A1E7A4F7556}") = "Microsoft.AspNetCore.Hosting.Abstractions", "..\Hosting\Abstractions\src\Microsoft.AspNetCore.Hosting.Abstractions.csproj", "{508A363E-17B0-4B6E-93F8-CC03D9885659}"
EndProject
Project("{9A19103F-16F7-4668-BE54-9A1E7A4F7556}") = "Microsoft.AspNetCore.Hosting.Server.Abstractions", "..\Hosting\Server.Abstractions\src\Microsoft.AspNetCore.Hosting.Server.Abstractions.csproj", "{EB8752A2-81C0-48BC-B9E1-7BFAD61C3C1E}"
EndProject
Project("{9A19103F-16F7-4668-BE54-9A1E7A4F7556}") = "Microsoft.AspNetCore.Authentication.Core", "..\Http\Authentication.Core\src\Microsoft.AspNetCore.Authentication.Core.csproj", "{B0D04501-941F-4B10-A201-C7235CC26789}"
EndProject
Project("{9A19103F-16F7-4668-BE54-9A1E7A4F7556}") = "Microsoft.AspNetCore.Authentication.Abstractions", "..\Http\Authentication.Abstractions\src\Microsoft.AspNetCore.Authentication.Abstractions.csproj", "{5B96A876-9E87-491B-AF5A-C09D6CD3C9C4}"
EndProject
Project("{9A19103F-16F7-4668-BE54-9A1E7A4F7556}") = "Microsoft.AspNetCore.Http.Abstractions", "..\Http\Http.Abstractions\src\Microsoft.AspNetCore.Http.Abstractions.csproj", "{2CF084E3-F801-4529-A6ED-7F31C29D74E0}"
EndProject
Project("{9A19103F-16F7-4668-BE54-9A1E7A4F7556}") = "Microsoft.AspNetCore.Http.Extensions", "..\Http\Http.Extensions\src\Microsoft.AspNetCore.Http.Extensions.csproj", "{8E1E89E9-BE96-42AF-863B-504FA4331497}"
EndProject
Project("{9A19103F-16F7-4668-BE54-9A1E7A4F7556}") = "Microsoft.AspNetCore.Http.Features", "..\Http\Http.Features\src\Microsoft.AspNetCore.Http.Features.csproj", "{A8293483-BA7A-40D3-A45C-0708EFB8F998}"
EndProject
Project("{9A19103F-16F7-4668-BE54-9A1E7A4F7556}") = "Microsoft.Net.Http.Headers", "..\Http\Headers\src\Microsoft.Net.Http.Headers.csproj", "{52175871-7DF6-4B40-ADCB-4101E8D3D1A2}"
EndProject
Project("{9A19103F-16F7-4668-BE54-9A1E7A4F7556}") = "Microsoft.AspNetCore.Server.Kestrel.Core", "..\Servers\Kestrel\Core\src\Microsoft.AspNetCore.Server.Kestrel.Core.csproj", "{ADA1E8D3-C13C-4747-8B4D-F4278E7CDFEC}"
EndProject
Project("{9A19103F-16F7-4668-BE54-9A1E7A4F7556}") = "Microsoft.AspNetCore.Server.Kestrel.Transport.Abstractions", "..\Servers\Kestrel\Transport.Abstractions\src\Microsoft.AspNetCore.Server.Kestrel.Transport.Abstractions.csproj", "{19F39424-5F0F-42BF-BE04-40B20398C255}"
EndProject
Project("{9A19103F-16F7-4668-BE54-9A1E7A4F7556}") = "Microsoft.AspNetCore.Server.Kestrel.Transport.Sockets", "..\Servers\Kestrel\Transport.Sockets\src\Microsoft.AspNetCore.Server.Kestrel.Transport.Sockets.csproj", "{F59ECA2C-146A-4708-B2C4-296F452C1AF3}"
EndProject
Project("{9A19103F-16F7-4668-BE54-9A1E7A4F7556}") = "Microsoft.AspNetCore.Connections.Abstractions", "..\Servers\Connections.Abstractions\src\Microsoft.AspNetCore.Connections.Abstractions.csproj", "{54F2FA08-8E1C-4FC1-A5CF-51D742E29EF7}"
EndProject
Project("{9A19103F-16F7-4668-BE54-9A1E7A4F7556}") = "Microsoft.AspNetCore.HttpOverrides", "..\Middleware\HttpOverrides\src\Microsoft.AspNetCore.HttpOverrides.csproj", "{88803B55-E0C0-4216-9033-50709F9B726A}"
EndProject
Project("{9A19103F-16F7-4668-BE54-9A1E7A4F7556}") = "Microsoft.AspNetCore.WebUtilities", "..\Http\WebUtilities\src\Microsoft.AspNetCore.WebUtilities.csproj", "{E86FB3B0-278C-4E75-AE60-18DEFD8BE36E}"
EndProject
Project("{9A19103F-16F7-4668-BE54-9A1E7A4F7556}") = "Microsoft.AspNetCore.Diagnostics.Abstractions", "..\Middleware\Diagnostics.Abstractions\src\Microsoft.AspNetCore.Diagnostics.Abstractions.csproj", "{73BCF909-4999-4663-BAE1-36B7734212B7}"
EndProject
Project("{9A19103F-16F7-4668-BE54-9A1E7A4F7556}") = "Microsoft.AspNetCore.Routing", "..\Http\Routing\src\Microsoft.AspNetCore.Routing.csproj", "{5B2F3890-198E-4BE8-8464-10B4D97F976A}"
EndProject
Project("{9A19103F-16F7-4668-BE54-9A1E7A4F7556}") = "Microsoft.AspNetCore.Routing.Abstractions", "..\Http\Routing.Abstractions\src\Microsoft.AspNetCore.Routing.Abstractions.csproj", "{71961A8D-B26F-46AE-A475-D00425D875A0}"
EndProject
Project("{9A19103F-16F7-4668-BE54-9A1E7A4F7556}") = "Microsoft.AspNetCore.Server.IISIntegration", "..\Servers\IIS\IISIntegration\src\Microsoft.AspNetCore.Server.IISIntegration.csproj", "{FD3AB895-2AF6-447D-82CF-DB002B491D23}"
EndProject
Project("{FAE04EC0-301F-11D3-BF4B-00C04F79EFBC}") = "Microsoft.AspNetCore.App", "..\Framework\ref\Microsoft.AspNetCore.App.csproj", "{45976302-07D6-4140-8847-F10EBA746FBA}"
EndProject
Project("{FAE04EC0-301F-11D3-BF4B-00C04F79EFBC}") = "Microsoft.AspNetCore", "..\DefaultBuilder\src\Microsoft.AspNetCore.csproj", "{AB22C68A-3B9E-4003-884F-CDFA91C1A96F}"
EndProject
Project("{FAE04EC0-301F-11D3-BF4B-00C04F79EFBC}") = "Microsoft.AspNetCore.Cryptography.KeyDerivation", "..\DataProtection\Cryptography.KeyDerivation\src\Microsoft.AspNetCore.Cryptography.KeyDerivation.csproj", "{BBAA4829-2630-46A3-8115-5C16B7886E71}"
EndProject
Project("{FAE04EC0-301F-11D3-BF4B-00C04F79EFBC}") = "Microsoft.AspNetCore.DataProtection.Extensions", "..\DataProtection\Extensions\src\Microsoft.AspNetCore.DataProtection.Extensions.csproj", "{BAEC9AF5-64D2-4A63-8C3D-BD6F01D38469}"
EndProject
Project("{FAE04EC0-301F-11D3-BF4B-00C04F79EFBC}") = "Microsoft.AspNetCore.Antiforgery", "..\Antiforgery\src\Microsoft.AspNetCore.Antiforgery.csproj", "{5A5610D6-FFB1-47B0-934A-73C8FD8A060B}"
EndProject
Project("{FAE04EC0-301F-11D3-BF4B-00C04F79EFBC}") = "Microsoft.AspNetCore.Html.Abstractions", "..\Html\Abstractions\src\Microsoft.AspNetCore.Html.Abstractions.csproj", "{89263DF4-8D8E-4B2F-B3F9-B80C2A6E121C}"
EndProject
Project("{FAE04EC0-301F-11D3-BF4B-00C04F79EFBC}") = "Microsoft.AspNetCore.Identity", "..\Identity\Core\src\Microsoft.AspNetCore.Identity.csproj", "{3D10A947-261C-4423-8BA7-FE6CA4F4316C}"
EndProject
Project("{FAE04EC0-301F-11D3-BF4B-00C04F79EFBC}") = "Microsoft.Extensions.Identity.Core", "..\Identity\Extensions.Core\src\Microsoft.Extensions.Identity.Core.csproj", "{84409615-EECF-4579-83FA-CE66745568A8}"
EndProject
Project("{FAE04EC0-301F-11D3-BF4B-00C04F79EFBC}") = "Microsoft.Extensions.Identity.Stores", "..\Identity\Extensions.Stores\src\Microsoft.Extensions.Identity.Stores.csproj", "{81994336-9EB6-44C0-8F02-11801A34A1F1}"
EndProject
Project("{FAE04EC0-301F-11D3-BF4B-00C04F79EFBC}") = "Microsoft.AspNetCore.Server.HttpSys", "..\Servers\HttpSys\src\Microsoft.AspNetCore.Server.HttpSys.csproj", "{A2C211E1-EC48-4EAD-9A88-28590010D4C3}"
EndProject
Project("{FAE04EC0-301F-11D3-BF4B-00C04F79EFBC}") = "Microsoft.AspNetCore.Server.IIS", "..\Servers\IIS\IIS\src\Microsoft.AspNetCore.Server.IIS.csproj", "{131F9B95-3221-4A31-9BB4-01C7253ABEE3}"
EndProject
Project("{FAE04EC0-301F-11D3-BF4B-00C04F79EFBC}") = "Microsoft.AspNetCore.Cors", "..\Middleware\CORS\src\Microsoft.AspNetCore.Cors.csproj", "{F65BA357-CCF8-47D1-A44B-ECE94C789111}"
EndProject
Project("{FAE04EC0-301F-11D3-BF4B-00C04F79EFBC}") = "Microsoft.AspNetCore.Diagnostics.HealthChecks", "..\Middleware\HealthChecks\src\Microsoft.AspNetCore.Diagnostics.HealthChecks.csproj", "{ADBD923E-7CF0-41D8-B434-163955502D20}"
EndProject
Project("{FAE04EC0-301F-11D3-BF4B-00C04F79EFBC}") = "Microsoft.AspNetCore.HostFiltering", "..\Middleware\HostFiltering\src\Microsoft.AspNetCore.HostFiltering.csproj", "{72AE377D-D868-4718-8FF8-DE65BB371ED7}"
EndProject
Project("{FAE04EC0-301F-11D3-BF4B-00C04F79EFBC}") = "Microsoft.AspNetCore.HttpsPolicy", "..\Middleware\HttpsPolicy\src\Microsoft.AspNetCore.HttpsPolicy.csproj", "{BFFB2281-4C06-4468-8916-7AA21E8C1C86}"
EndProject
Project("{FAE04EC0-301F-11D3-BF4B-00C04F79EFBC}") = "Microsoft.AspNetCore.Localization.Routing", "..\Middleware\Localization.Routing\src\Microsoft.AspNetCore.Localization.Routing.csproj", "{19568CFE-BCA1-41D7-90F9-81F88F0DA8D9}"
EndProject
Project("{FAE04EC0-301F-11D3-BF4B-00C04F79EFBC}") = "Microsoft.AspNetCore.Localization", "..\Middleware\Localization\src\Microsoft.AspNetCore.Localization.csproj", "{958D85C6-F097-4B24-94AA-825B7D754080}"
EndProject
Project("{FAE04EC0-301F-11D3-BF4B-00C04F79EFBC}") = "Microsoft.AspNetCore.ResponseCaching.Abstractions", "..\Middleware\ResponseCaching.Abstractions\src\Microsoft.AspNetCore.ResponseCaching.Abstractions.csproj", "{4AB8B7B1-57D4-4C0C-9FC2-17960853E8F1}"
EndProject
Project("{FAE04EC0-301F-11D3-BF4B-00C04F79EFBC}") = "Microsoft.AspNetCore.ResponseCaching", "..\Middleware\ResponseCaching\src\Microsoft.AspNetCore.ResponseCaching.csproj", "{7E336A0D-6891-4E4F-B97B-EE3971821FD0}"
EndProject
Project("{FAE04EC0-301F-11D3-BF4B-00C04F79EFBC}") = "Microsoft.AspNetCore.ResponseCompression", "..\Middleware\ResponseCompression\src\Microsoft.AspNetCore.ResponseCompression.csproj", "{2C4DA880-555F-46D3-8008-A73D39246A00}"
EndProject
Project("{FAE04EC0-301F-11D3-BF4B-00C04F79EFBC}") = "Microsoft.AspNetCore.Rewrite", "..\Middleware\Rewrite\src\Microsoft.AspNetCore.Rewrite.csproj", "{D5923959-E1CD-4F00-9F60-DB2BD615883D}"
EndProject
Project("{FAE04EC0-301F-11D3-BF4B-00C04F79EFBC}") = "Microsoft.AspNetCore.Session", "..\Middleware\Session\src\Microsoft.AspNetCore.Session.csproj", "{87435214-3CC0-4E8F-A3FA-02D074AE92E6}"
EndProject
Project("{FAE04EC0-301F-11D3-BF4B-00C04F79EFBC}") = "Microsoft.AspNetCore.WebSockets", "..\Middleware\WebSockets\src\Microsoft.AspNetCore.WebSockets.csproj", "{9A1C9135-D6B5-49F0-BC7A-D91472415492}"
EndProject
Project("{FAE04EC0-301F-11D3-BF4B-00C04F79EFBC}") = "Microsoft.AspNetCore.Razor.Runtime", "..\Razor\Razor.Runtime\src\Microsoft.AspNetCore.Razor.Runtime.csproj", "{6BC8196B-2E50-4A92-9AE6-D130FE1B717E}"
EndProject
Project("{FAE04EC0-301F-11D3-BF4B-00C04F79EFBC}") = "Microsoft.AspNetCore.Razor", "..\Razor\Razor\src\Microsoft.AspNetCore.Razor.csproj", "{DE73FB52-CFDC-41F9-B227-73D330D38423}"
EndProject
Project("{FAE04EC0-301F-11D3-BF4B-00C04F79EFBC}") = "Microsoft.AspNetCore.Mvc.Abstractions", "..\Mvc\src\Microsoft.AspNetCore.Mvc.Abstractions\Microsoft.AspNetCore.Mvc.Abstractions.csproj", "{6D1BCA7E-63D5-4F5A-9DFC-D025E144A91C}"
EndProject
Project("{FAE04EC0-301F-11D3-BF4B-00C04F79EFBC}") = "Microsoft.AspNetCore.Mvc.ApiExplorer", "..\Mvc\src\Microsoft.AspNetCore.Mvc.ApiExplorer\Microsoft.AspNetCore.Mvc.ApiExplorer.csproj", "{17B53DA0-B646-43FB-87D0-E525C4D65C01}"
EndProject
Project("{FAE04EC0-301F-11D3-BF4B-00C04F79EFBC}") = "Microsoft.AspNetCore.Mvc.Core", "..\Mvc\src\Microsoft.AspNetCore.Mvc.Core\Microsoft.AspNetCore.Mvc.Core.csproj", "{EB7E8C73-0493-4558-81A1-B267567380A6}"
EndProject
Project("{FAE04EC0-301F-11D3-BF4B-00C04F79EFBC}") = "Microsoft.AspNetCore.Mvc.Cors", "..\Mvc\src\Microsoft.AspNetCore.Mvc.Cors\Microsoft.AspNetCore.Mvc.Cors.csproj", "{18EADA6F-2444-416F-B4A5-5F38E9BA58D6}"
EndProject
Project("{FAE04EC0-301F-11D3-BF4B-00C04F79EFBC}") = "Microsoft.AspNetCore.Mvc.DataAnnotations", "..\Mvc\src\Microsoft.AspNetCore.Mvc.DataAnnotations\Microsoft.AspNetCore.Mvc.DataAnnotations.csproj", "{3F8C8C76-E06E-49BB-AEBF-333D63DB5EFA}"
EndProject
Project("{FAE04EC0-301F-11D3-BF4B-00C04F79EFBC}") = "Microsoft.AspNetCore.Mvc.Formatters.Xml", "..\Mvc\src\Microsoft.AspNetCore.Mvc.Formatters.Xml\Microsoft.AspNetCore.Mvc.Formatters.Xml.csproj", "{5C0CBF10-8C09-4CCC-B368-7B40C479023B}"
EndProject
Project("{FAE04EC0-301F-11D3-BF4B-00C04F79EFBC}") = "Microsoft.AspNetCore.Mvc.Localization", "..\Mvc\src\Microsoft.AspNetCore.Mvc.Localization\Microsoft.AspNetCore.Mvc.Localization.csproj", "{EC6ED167-62BF-4868-A5A7-398945F89AEB}"
EndProject
Project("{FAE04EC0-301F-11D3-BF4B-00C04F79EFBC}") = "Microsoft.AspNetCore.Mvc.RazorPages", "..\Mvc\src\Microsoft.AspNetCore.Mvc.RazorPages\Microsoft.AspNetCore.Mvc.RazorPages.csproj", "{D5326931-D6DE-4408-ADA9-B52AE8EFDBA0}"
EndProject
Project("{FAE04EC0-301F-11D3-BF4B-00C04F79EFBC}") = "Microsoft.AspNetCore.Mvc.Razor", "..\Mvc\src\Microsoft.AspNetCore.Mvc.Razor\Microsoft.AspNetCore.Mvc.Razor.csproj", "{F5274979-B1A1-4868-96AA-DFBB4B3E362C}"
EndProject
Project("{FAE04EC0-301F-11D3-BF4B-00C04F79EFBC}") = "Microsoft.AspNetCore.Mvc.TagHelpers", "..\Mvc\src\Microsoft.AspNetCore.Mvc.TagHelpers\Microsoft.AspNetCore.Mvc.TagHelpers.csproj", "{1C6523C3-BF77-4DAE-88F6-6FE3F0800733}"
EndProject
Project("{FAE04EC0-301F-11D3-BF4B-00C04F79EFBC}") = "Microsoft.AspNetCore.Mvc.ViewFeatures", "..\Mvc\src\Microsoft.AspNetCore.Mvc.ViewFeatures\Microsoft.AspNetCore.Mvc.ViewFeatures.csproj", "{173AC8FA-FDE0-47F0-808C-FA19858F0C31}"
EndProject
Project("{FAE04EC0-301F-11D3-BF4B-00C04F79EFBC}") = "Microsoft.AspNetCore.Mvc", "..\Mvc\src\Microsoft.AspNetCore.Mvc\Microsoft.AspNetCore.Mvc.csproj", "{270AEC98-A3A9-46B0-8C8F-1B54877B9F39}"
EndProject
Project("{FAE04EC0-301F-11D3-BF4B-00C04F79EFBC}") = "Microsoft.AspNetCore.Http.Connections.Common", "..\SignalR\common\Http.Connections.Common\src\Microsoft.AspNetCore.Http.Connections.Common.csproj", "{3C69001D-CD7B-4B1F-B706-EEE387D60B95}"
EndProject
Project("{FAE04EC0-301F-11D3-BF4B-00C04F79EFBC}") = "Microsoft.AspNetCore.Http.Connections", "..\SignalR\common\Http.Connections\src\Microsoft.AspNetCore.Http.Connections.csproj", "{9B5EF61B-C577-48B4-BAF6-E776BEA50B26}"
EndProject
Project("{FAE04EC0-301F-11D3-BF4B-00C04F79EFBC}") = "Microsoft.AspNetCore.SignalR.Protocols.NewtonsoftJson", "..\SignalR\common\Protocols.NewtonsoftJson\src\Microsoft.AspNetCore.SignalR.Protocols.NewtonsoftJson.csproj", "{E81AAD8F-EF01-40A1-9C24-C2211FC8BBD3}"
EndProject
Project("{FAE04EC0-301F-11D3-BF4B-00C04F79EFBC}") = "Microsoft.AspNetCore.SignalR.Common", "..\SignalR\common\SignalR.Common\src\Microsoft.AspNetCore.SignalR.Common.csproj", "{4D2488C6-34BB-4A26-919D-EFB45E32FC80}"
EndProject
Project("{FAE04EC0-301F-11D3-BF4B-00C04F79EFBC}") = "Microsoft.AspNetCore.SignalR.Core", "..\SignalR\server\Core\src\Microsoft.AspNetCore.SignalR.Core.csproj", "{E5F042D7-DE4C-47A9-B75F-FA66FC87E1ED}"
EndProject
Project("{FAE04EC0-301F-11D3-BF4B-00C04F79EFBC}") = "Microsoft.AspNetCore.SignalR", "..\SignalR\server\SignalR\src\Microsoft.AspNetCore.SignalR.csproj", "{29F79540-9865-4308-8525-F9691810A179}"
EndProject
Project("{FAE04EC0-301F-11D3-BF4B-00C04F79EFBC}") = "Microsoft.AspNetCore.Components.Browser", "..\Components\Browser\src\Microsoft.AspNetCore.Components.Browser.csproj", "{9E726456-BF76-4621-A722-376CBA0D8F8C}"
EndProject
Project("{FAE04EC0-301F-11D3-BF4B-00C04F79EFBC}") = "Microsoft.AspNetCore.Components", "..\Components\Components\src\Microsoft.AspNetCore.Components.csproj", "{05EE8006-712E-4F07-86D4-CCD56F5CA044}"
EndProject
Project("{2150E333-8FDC-42A3-9474-1A3956D46DE8}") = "samples", "samples", "{450C3C4F-D418-4833-860F-D60935F85A82}"
EndProject
Project("{FAE04EC0-301F-11D3-BF4B-00C04F79EFBC}") = "ClaimsTransformation", "samples\ClaimsTransformation\ClaimsTransformation.csproj", "{EEBF515E-694D-4FE3-8403-CFD069BDED82}"
EndProject
Project("{FAE04EC0-301F-11D3-BF4B-00C04F79EFBC}") = "Cookies", "samples\Cookies\Cookies.csproj", "{C8707822-B080-4353-8F07-C983EDCD6DCB}"
EndProject
Project("{FAE04EC0-301F-11D3-BF4B-00C04F79EFBC}") = "CustomPolicyProvider", "samples\CustomPolicyProvider\CustomPolicyProvider.csproj", "{3A866E41-D03F-4FE1-9DA4-28373867FCAB}"
EndProject
Project("{FAE04EC0-301F-11D3-BF4B-00C04F79EFBC}") = "DynamicSchemes", "samples\DynamicSchemes\DynamicSchemes.csproj", "{3E1BA14B-5B80-453E-BA98-04A324080EC7}"
EndProject
Project("{FAE04EC0-301F-11D3-BF4B-00C04F79EFBC}") = "Microsoft.AspNetCore.Diagnostics.EntityFrameworkCore", "..\Middleware\Diagnostics.EntityFrameworkCore\src\Microsoft.AspNetCore.Diagnostics.EntityFrameworkCore.csproj", "{88EACF9D-224D-45AE-9DB0-00D716CCD0A1}"
EndProject
Project("{FAE04EC0-301F-11D3-BF4B-00C04F79EFBC}") = "Identity.ExternalClaims", "samples\Identity.ExternalClaims\Identity.ExternalClaims.csproj", "{0E52EB8D-8F06-4155-ADD2-0D4967138CC3}"
EndProject
Project("{FAE04EC0-301F-11D3-BF4B-00C04F79EFBC}") = "Microsoft.AspNetCore.Identity.EntityFrameworkCore", "..\Identity\EntityFrameworkCore\src\Microsoft.AspNetCore.Identity.EntityFrameworkCore.csproj", "{7BAF5BC0-F90F-4B20-BBC0-E4DC40A95D2C}"
EndProject
Project("{FAE04EC0-301F-11D3-BF4B-00C04F79EFBC}") = "PathSchemeSelection", "samples\PathSchemeSelection\PathSchemeSelection.csproj", "{6507BE76-80C1-4446-9D5C-DCF17DEAC68D}"
EndProject
Project("{FAE04EC0-301F-11D3-BF4B-00C04F79EFBC}") = "StaticFilesAuth", "samples\StaticFilesAuth\StaticFilesAuth.csproj", "{0C9995DB-C4EF-4B50-94E6-4F5C2E5C2AA2}"
EndProject
Project("{2150E333-8FDC-42A3-9474-1A3956D46DE8}") = "test", "test", "{C939A45F-45B9-454D-ADBC-F07D513103AB}"
EndProject
Project("{FAE04EC0-301F-11D3-BF4B-00C04F79EFBC}") = "AuthSamples.FunctionalTests", "test\AuthSamples.FunctionalTests\AuthSamples.FunctionalTests.csproj", "{1D01E917-D145-47CF-BEC6-C190F154C11A}"
EndProject
Project("{FAE04EC0-301F-11D3-BF4B-00C04F79EFBC}") = "Microsoft.AspNetCore.Server.IntegrationTesting", "..\Hosting\Server.IntegrationTesting\src\Microsoft.AspNetCore.Server.IntegrationTesting.csproj", "{5C62A583-F131-424D-97B9-C5E4E500E398}"
EndProject
Project("{FAE04EC0-301F-11D3-BF4B-00C04F79EFBC}") = "Microsoft.AspNetCore.Mvc.Testing", "..\Mvc\src\Microsoft.AspNetCore.Mvc.Testing\Microsoft.AspNetCore.Mvc.Testing.csproj", "{463B4FD5-02DC-41B4-B052-1FB65AC5284E}"
EndProject
Global
	GlobalSection(SolutionConfigurationPlatforms) = preSolution
		Debug|Any CPU = Debug|Any CPU
		Release|Any CPU = Release|Any CPU
	EndGlobalSection
	GlobalSection(ProjectConfigurationPlatforms) = postSolution
		{59727CCB-D4C6-4421-8469-F7891BFB6016}.Debug|Any CPU.ActiveCfg = Debug|Any CPU
		{59727CCB-D4C6-4421-8469-F7891BFB6016}.Debug|Any CPU.Build.0 = Debug|Any CPU
		{59727CCB-D4C6-4421-8469-F7891BFB6016}.Release|Any CPU.ActiveCfg = Release|Any CPU
		{59727CCB-D4C6-4421-8469-F7891BFB6016}.Release|Any CPU.Build.0 = Release|Any CPU
		{75661B8D-0089-4EFF-A70E-F77318453003}.Debug|Any CPU.ActiveCfg = Debug|Any CPU
		{75661B8D-0089-4EFF-A70E-F77318453003}.Debug|Any CPU.Build.0 = Debug|Any CPU
		{75661B8D-0089-4EFF-A70E-F77318453003}.Release|Any CPU.ActiveCfg = Release|Any CPU
		{75661B8D-0089-4EFF-A70E-F77318453003}.Release|Any CPU.Build.0 = Release|Any CPU
		{B48C6EE8-BCFA-47A5-A837-30DC9C261D7A}.Debug|Any CPU.ActiveCfg = Debug|Any CPU
		{B48C6EE8-BCFA-47A5-A837-30DC9C261D7A}.Debug|Any CPU.Build.0 = Debug|Any CPU
		{B48C6EE8-BCFA-47A5-A837-30DC9C261D7A}.Release|Any CPU.ActiveCfg = Release|Any CPU
		{B48C6EE8-BCFA-47A5-A837-30DC9C261D7A}.Release|Any CPU.Build.0 = Release|Any CPU
		{DFAA25DE-5AC1-4505-A874-1A4A521827EA}.Debug|Any CPU.ActiveCfg = Debug|Any CPU
		{DFAA25DE-5AC1-4505-A874-1A4A521827EA}.Debug|Any CPU.Build.0 = Debug|Any CPU
		{DFAA25DE-5AC1-4505-A874-1A4A521827EA}.Release|Any CPU.ActiveCfg = Release|Any CPU
		{DFAA25DE-5AC1-4505-A874-1A4A521827EA}.Release|Any CPU.Build.0 = Release|Any CPU
		{37D7B212-5E9A-4489-B97A-74D6BE29787F}.Debug|Any CPU.ActiveCfg = Debug|Any CPU
		{37D7B212-5E9A-4489-B97A-74D6BE29787F}.Debug|Any CPU.Build.0 = Debug|Any CPU
		{37D7B212-5E9A-4489-B97A-74D6BE29787F}.Release|Any CPU.ActiveCfg = Release|Any CPU
		{37D7B212-5E9A-4489-B97A-74D6BE29787F}.Release|Any CPU.Build.0 = Release|Any CPU
		{DFA0346F-61E1-496E-B844-AC485ED4682C}.Debug|Any CPU.ActiveCfg = Debug|Any CPU
		{DFA0346F-61E1-496E-B844-AC485ED4682C}.Debug|Any CPU.Build.0 = Debug|Any CPU
		{DFA0346F-61E1-496E-B844-AC485ED4682C}.Release|Any CPU.ActiveCfg = Release|Any CPU
		{DFA0346F-61E1-496E-B844-AC485ED4682C}.Release|Any CPU.Build.0 = Release|Any CPU
		{56CDE112-CBBE-4997-935F-978ACB732D98}.Debug|Any CPU.ActiveCfg = Debug|Any CPU
		{56CDE112-CBBE-4997-935F-978ACB732D98}.Debug|Any CPU.Build.0 = Debug|Any CPU
		{56CDE112-CBBE-4997-935F-978ACB732D98}.Release|Any CPU.ActiveCfg = Release|Any CPU
		{56CDE112-CBBE-4997-935F-978ACB732D98}.Release|Any CPU.Build.0 = Release|Any CPU
		{F3C2076F-0618-46FE-A620-F25CD9217474}.Debug|Any CPU.ActiveCfg = Debug|Any CPU
		{F3C2076F-0618-46FE-A620-F25CD9217474}.Debug|Any CPU.Build.0 = Debug|Any CPU
		{F3C2076F-0618-46FE-A620-F25CD9217474}.Release|Any CPU.ActiveCfg = Release|Any CPU
		{F3C2076F-0618-46FE-A620-F25CD9217474}.Release|Any CPU.Build.0 = Release|Any CPU
		{6452E57B-532D-441C-AF4B-F9BB8BA53083}.Debug|Any CPU.ActiveCfg = Debug|Any CPU
		{6452E57B-532D-441C-AF4B-F9BB8BA53083}.Debug|Any CPU.Build.0 = Debug|Any CPU
		{6452E57B-532D-441C-AF4B-F9BB8BA53083}.Release|Any CPU.ActiveCfg = Release|Any CPU
		{6452E57B-532D-441C-AF4B-F9BB8BA53083}.Release|Any CPU.Build.0 = Release|Any CPU
		{A5303DB4-07FF-4440-9ADA-D3116BA66116}.Debug|Any CPU.ActiveCfg = Debug|Any CPU
		{A5303DB4-07FF-4440-9ADA-D3116BA66116}.Debug|Any CPU.Build.0 = Debug|Any CPU
		{A5303DB4-07FF-4440-9ADA-D3116BA66116}.Release|Any CPU.ActiveCfg = Release|Any CPU
		{A5303DB4-07FF-4440-9ADA-D3116BA66116}.Release|Any CPU.Build.0 = Release|Any CPU
		{308E2FEF-C0D6-43D0-83FB-2A1CCB6BF4C3}.Debug|Any CPU.ActiveCfg = Debug|Any CPU
		{308E2FEF-C0D6-43D0-83FB-2A1CCB6BF4C3}.Debug|Any CPU.Build.0 = Debug|Any CPU
		{308E2FEF-C0D6-43D0-83FB-2A1CCB6BF4C3}.Release|Any CPU.ActiveCfg = Release|Any CPU
		{308E2FEF-C0D6-43D0-83FB-2A1CCB6BF4C3}.Release|Any CPU.Build.0 = Release|Any CPU
		{4AB2AFE9-7C0A-4466-B6F0-42997B251BF1}.Debug|Any CPU.ActiveCfg = Debug|Any CPU
		{4AB2AFE9-7C0A-4466-B6F0-42997B251BF1}.Debug|Any CPU.Build.0 = Debug|Any CPU
		{4AB2AFE9-7C0A-4466-B6F0-42997B251BF1}.Release|Any CPU.ActiveCfg = Release|Any CPU
		{4AB2AFE9-7C0A-4466-B6F0-42997B251BF1}.Release|Any CPU.Build.0 = Release|Any CPU
		{4A110D33-787A-4C3B-B3A4-2024D235B9B4}.Debug|Any CPU.ActiveCfg = Debug|Any CPU
		{4A110D33-787A-4C3B-B3A4-2024D235B9B4}.Debug|Any CPU.Build.0 = Debug|Any CPU
		{4A110D33-787A-4C3B-B3A4-2024D235B9B4}.Release|Any CPU.ActiveCfg = Release|Any CPU
		{4A110D33-787A-4C3B-B3A4-2024D235B9B4}.Release|Any CPU.Build.0 = Release|Any CPU
		{970DD190-0880-43F5-8A34-0D08BF587698}.Debug|Any CPU.ActiveCfg = Debug|Any CPU
		{970DD190-0880-43F5-8A34-0D08BF587698}.Debug|Any CPU.Build.0 = Debug|Any CPU
		{970DD190-0880-43F5-8A34-0D08BF587698}.Release|Any CPU.ActiveCfg = Release|Any CPU
		{970DD190-0880-43F5-8A34-0D08BF587698}.Release|Any CPU.Build.0 = Release|Any CPU
		{8E8A1A12-86D9-4DD1-B2B1-91AB905C4208}.Debug|Any CPU.ActiveCfg = Debug|Any CPU
		{8E8A1A12-86D9-4DD1-B2B1-91AB905C4208}.Debug|Any CPU.Build.0 = Debug|Any CPU
		{8E8A1A12-86D9-4DD1-B2B1-91AB905C4208}.Release|Any CPU.ActiveCfg = Release|Any CPU
		{8E8A1A12-86D9-4DD1-B2B1-91AB905C4208}.Release|Any CPU.Build.0 = Release|Any CPU
		{3A9A46EC-EECB-40D0-AA08-C9DC34B4C109}.Debug|Any CPU.ActiveCfg = Debug|Any CPU
		{3A9A46EC-EECB-40D0-AA08-C9DC34B4C109}.Debug|Any CPU.Build.0 = Debug|Any CPU
		{3A9A46EC-EECB-40D0-AA08-C9DC34B4C109}.Release|Any CPU.ActiveCfg = Release|Any CPU
		{3A9A46EC-EECB-40D0-AA08-C9DC34B4C109}.Release|Any CPU.Build.0 = Release|Any CPU
		{EDA593EF-94B5-4934-BD82-D60E2E0BE037}.Debug|Any CPU.ActiveCfg = Debug|Any CPU
		{EDA593EF-94B5-4934-BD82-D60E2E0BE037}.Debug|Any CPU.Build.0 = Debug|Any CPU
		{EDA593EF-94B5-4934-BD82-D60E2E0BE037}.Release|Any CPU.ActiveCfg = Release|Any CPU
		{EDA593EF-94B5-4934-BD82-D60E2E0BE037}.Release|Any CPU.Build.0 = Release|Any CPU
		{CD98E208-7BD4-40AA-99C4-9428F86CB4EA}.Debug|Any CPU.ActiveCfg = Debug|Any CPU
		{CD98E208-7BD4-40AA-99C4-9428F86CB4EA}.Debug|Any CPU.Build.0 = Debug|Any CPU
		{CD98E208-7BD4-40AA-99C4-9428F86CB4EA}.Release|Any CPU.ActiveCfg = Release|Any CPU
		{CD98E208-7BD4-40AA-99C4-9428F86CB4EA}.Release|Any CPU.Build.0 = Release|Any CPU
		{F72615C6-247B-4174-B457-C1938E8752B4}.Debug|Any CPU.ActiveCfg = Debug|Any CPU
		{F72615C6-247B-4174-B457-C1938E8752B4}.Debug|Any CPU.Build.0 = Debug|Any CPU
		{F72615C6-247B-4174-B457-C1938E8752B4}.Release|Any CPU.ActiveCfg = Release|Any CPU
		{F72615C6-247B-4174-B457-C1938E8752B4}.Release|Any CPU.Build.0 = Release|Any CPU
		{FD4B9AB2-CFF8-4F5B-B2A6-D3B3E6024F97}.Debug|Any CPU.ActiveCfg = Debug|Any CPU
		{FD4B9AB2-CFF8-4F5B-B2A6-D3B3E6024F97}.Debug|Any CPU.Build.0 = Debug|Any CPU
		{FD4B9AB2-CFF8-4F5B-B2A6-D3B3E6024F97}.Release|Any CPU.ActiveCfg = Release|Any CPU
		{FD4B9AB2-CFF8-4F5B-B2A6-D3B3E6024F97}.Release|Any CPU.Build.0 = Release|Any CPU
		{D716B232-B829-49CE-B2DF-1D4203C2552F}.Debug|Any CPU.ActiveCfg = Debug|Any CPU
		{D716B232-B829-49CE-B2DF-1D4203C2552F}.Debug|Any CPU.Build.0 = Debug|Any CPU
		{D716B232-B829-49CE-B2DF-1D4203C2552F}.Release|Any CPU.ActiveCfg = Release|Any CPU
		{D716B232-B829-49CE-B2DF-1D4203C2552F}.Release|Any CPU.Build.0 = Release|Any CPU
		{F63BF7C2-DC33-4464-841E-1C9F8A40BEAA}.Debug|Any CPU.ActiveCfg = Debug|Any CPU
		{F63BF7C2-DC33-4464-841E-1C9F8A40BEAA}.Debug|Any CPU.Build.0 = Debug|Any CPU
		{F63BF7C2-DC33-4464-841E-1C9F8A40BEAA}.Release|Any CPU.ActiveCfg = Release|Any CPU
		{F63BF7C2-DC33-4464-841E-1C9F8A40BEAA}.Release|Any CPU.Build.0 = Release|Any CPU
		{B1386A87-D8CC-4238-8038-50A5321536CF}.Debug|Any CPU.ActiveCfg = Debug|Any CPU
		{B1386A87-D8CC-4238-8038-50A5321536CF}.Debug|Any CPU.Build.0 = Debug|Any CPU
		{B1386A87-D8CC-4238-8038-50A5321536CF}.Release|Any CPU.ActiveCfg = Release|Any CPU
		{B1386A87-D8CC-4238-8038-50A5321536CF}.Release|Any CPU.Build.0 = Release|Any CPU
		{80B303B9-DD1F-4D1E-9E62-0F507CDFBC38}.Debug|Any CPU.ActiveCfg = Debug|Any CPU
		{80B303B9-DD1F-4D1E-9E62-0F507CDFBC38}.Debug|Any CPU.Build.0 = Debug|Any CPU
		{80B303B9-DD1F-4D1E-9E62-0F507CDFBC38}.Release|Any CPU.ActiveCfg = Release|Any CPU
		{80B303B9-DD1F-4D1E-9E62-0F507CDFBC38}.Release|Any CPU.Build.0 = Release|Any CPU
		{E165C115-B85D-407E-A2C2-0D3D734EDF20}.Debug|Any CPU.ActiveCfg = Debug|Any CPU
		{E165C115-B85D-407E-A2C2-0D3D734EDF20}.Debug|Any CPU.Build.0 = Debug|Any CPU
		{E165C115-B85D-407E-A2C2-0D3D734EDF20}.Release|Any CPU.ActiveCfg = Release|Any CPU
		{E165C115-B85D-407E-A2C2-0D3D734EDF20}.Release|Any CPU.Build.0 = Release|Any CPU
		{B8469A11-026F-4186-B9E0-F6C6B1B9575D}.Debug|Any CPU.ActiveCfg = Debug|Any CPU
		{B8469A11-026F-4186-B9E0-F6C6B1B9575D}.Debug|Any CPU.Build.0 = Debug|Any CPU
		{B8469A11-026F-4186-B9E0-F6C6B1B9575D}.Release|Any CPU.ActiveCfg = Release|Any CPU
		{B8469A11-026F-4186-B9E0-F6C6B1B9575D}.Release|Any CPU.Build.0 = Release|Any CPU
		{B6CA96E4-674A-4616-9A38-DED07BE458E1}.Debug|Any CPU.ActiveCfg = Debug|Any CPU
		{B6CA96E4-674A-4616-9A38-DED07BE458E1}.Debug|Any CPU.Build.0 = Debug|Any CPU
		{B6CA96E4-674A-4616-9A38-DED07BE458E1}.Release|Any CPU.ActiveCfg = Release|Any CPU
		{B6CA96E4-674A-4616-9A38-DED07BE458E1}.Release|Any CPU.Build.0 = Release|Any CPU
		{54CBBAED-36D5-4855-BB4E-D1AE3523AA23}.Debug|Any CPU.ActiveCfg = Debug|Any CPU
		{54CBBAED-36D5-4855-BB4E-D1AE3523AA23}.Debug|Any CPU.Build.0 = Debug|Any CPU
		{54CBBAED-36D5-4855-BB4E-D1AE3523AA23}.Release|Any CPU.ActiveCfg = Release|Any CPU
		{54CBBAED-36D5-4855-BB4E-D1AE3523AA23}.Release|Any CPU.Build.0 = Release|Any CPU
		{6FFBD7CD-2B7D-4EC9-8D18-54E53F852B04}.Debug|Any CPU.ActiveCfg = Debug|Any CPU
		{6FFBD7CD-2B7D-4EC9-8D18-54E53F852B04}.Debug|Any CPU.Build.0 = Debug|Any CPU
		{6FFBD7CD-2B7D-4EC9-8D18-54E53F852B04}.Release|Any CPU.ActiveCfg = Release|Any CPU
		{6FFBD7CD-2B7D-4EC9-8D18-54E53F852B04}.Release|Any CPU.Build.0 = Release|Any CPU
		{707CBFB4-4D35-479E-9BAF-39B4DA9782DE}.Debug|Any CPU.ActiveCfg = Debug|Any CPU
		{707CBFB4-4D35-479E-9BAF-39B4DA9782DE}.Debug|Any CPU.Build.0 = Debug|Any CPU
		{707CBFB4-4D35-479E-9BAF-39B4DA9782DE}.Release|Any CPU.ActiveCfg = Release|Any CPU
		{707CBFB4-4D35-479E-9BAF-39B4DA9782DE}.Release|Any CPU.Build.0 = Release|Any CPU
		{556C4FAA-F4B1-4EA9-8921-CB1DF7D94C2A}.Debug|Any CPU.ActiveCfg = Debug|Any CPU
		{556C4FAA-F4B1-4EA9-8921-CB1DF7D94C2A}.Debug|Any CPU.Build.0 = Debug|Any CPU
		{556C4FAA-F4B1-4EA9-8921-CB1DF7D94C2A}.Release|Any CPU.ActiveCfg = Release|Any CPU
		{556C4FAA-F4B1-4EA9-8921-CB1DF7D94C2A}.Release|Any CPU.Build.0 = Release|Any CPU
		{9F5EE06F-7885-42EB-AC38-FBB61F169320}.Debug|Any CPU.ActiveCfg = Debug|Any CPU
		{9F5EE06F-7885-42EB-AC38-FBB61F169320}.Debug|Any CPU.Build.0 = Debug|Any CPU
		{9F5EE06F-7885-42EB-AC38-FBB61F169320}.Release|Any CPU.ActiveCfg = Release|Any CPU
		{9F5EE06F-7885-42EB-AC38-FBB61F169320}.Release|Any CPU.Build.0 = Release|Any CPU
		{CAA228DC-C0A0-41E0-9CD0-6F0C2CF77E11}.Debug|Any CPU.ActiveCfg = Debug|Any CPU
		{CAA228DC-C0A0-41E0-9CD0-6F0C2CF77E11}.Debug|Any CPU.Build.0 = Debug|Any CPU
		{CAA228DC-C0A0-41E0-9CD0-6F0C2CF77E11}.Release|Any CPU.ActiveCfg = Release|Any CPU
		{CAA228DC-C0A0-41E0-9CD0-6F0C2CF77E11}.Release|Any CPU.Build.0 = Release|Any CPU
		{ABF077D0-AEE6-4C3A-BCF2-D681E35B4A73}.Debug|Any CPU.ActiveCfg = Debug|Any CPU
		{ABF077D0-AEE6-4C3A-BCF2-D681E35B4A73}.Debug|Any CPU.Build.0 = Debug|Any CPU
		{ABF077D0-AEE6-4C3A-BCF2-D681E35B4A73}.Release|Any CPU.ActiveCfg = Release|Any CPU
		{ABF077D0-AEE6-4C3A-BCF2-D681E35B4A73}.Release|Any CPU.Build.0 = Release|Any CPU
		{508A363E-17B0-4B6E-93F8-CC03D9885659}.Debug|Any CPU.ActiveCfg = Debug|Any CPU
		{508A363E-17B0-4B6E-93F8-CC03D9885659}.Debug|Any CPU.Build.0 = Debug|Any CPU
		{508A363E-17B0-4B6E-93F8-CC03D9885659}.Release|Any CPU.ActiveCfg = Release|Any CPU
		{508A363E-17B0-4B6E-93F8-CC03D9885659}.Release|Any CPU.Build.0 = Release|Any CPU
		{EB8752A2-81C0-48BC-B9E1-7BFAD61C3C1E}.Debug|Any CPU.ActiveCfg = Debug|Any CPU
		{EB8752A2-81C0-48BC-B9E1-7BFAD61C3C1E}.Debug|Any CPU.Build.0 = Debug|Any CPU
		{EB8752A2-81C0-48BC-B9E1-7BFAD61C3C1E}.Release|Any CPU.ActiveCfg = Release|Any CPU
		{EB8752A2-81C0-48BC-B9E1-7BFAD61C3C1E}.Release|Any CPU.Build.0 = Release|Any CPU
		{B0D04501-941F-4B10-A201-C7235CC26789}.Debug|Any CPU.ActiveCfg = Debug|Any CPU
		{B0D04501-941F-4B10-A201-C7235CC26789}.Debug|Any CPU.Build.0 = Debug|Any CPU
		{B0D04501-941F-4B10-A201-C7235CC26789}.Release|Any CPU.ActiveCfg = Release|Any CPU
		{B0D04501-941F-4B10-A201-C7235CC26789}.Release|Any CPU.Build.0 = Release|Any CPU
		{5B96A876-9E87-491B-AF5A-C09D6CD3C9C4}.Debug|Any CPU.ActiveCfg = Debug|Any CPU
		{5B96A876-9E87-491B-AF5A-C09D6CD3C9C4}.Debug|Any CPU.Build.0 = Debug|Any CPU
		{5B96A876-9E87-491B-AF5A-C09D6CD3C9C4}.Release|Any CPU.ActiveCfg = Release|Any CPU
		{5B96A876-9E87-491B-AF5A-C09D6CD3C9C4}.Release|Any CPU.Build.0 = Release|Any CPU
		{2CF084E3-F801-4529-A6ED-7F31C29D74E0}.Debug|Any CPU.ActiveCfg = Debug|Any CPU
		{2CF084E3-F801-4529-A6ED-7F31C29D74E0}.Debug|Any CPU.Build.0 = Debug|Any CPU
		{2CF084E3-F801-4529-A6ED-7F31C29D74E0}.Release|Any CPU.ActiveCfg = Release|Any CPU
		{2CF084E3-F801-4529-A6ED-7F31C29D74E0}.Release|Any CPU.Build.0 = Release|Any CPU
		{8E1E89E9-BE96-42AF-863B-504FA4331497}.Debug|Any CPU.ActiveCfg = Debug|Any CPU
		{8E1E89E9-BE96-42AF-863B-504FA4331497}.Debug|Any CPU.Build.0 = Debug|Any CPU
		{8E1E89E9-BE96-42AF-863B-504FA4331497}.Release|Any CPU.ActiveCfg = Release|Any CPU
		{8E1E89E9-BE96-42AF-863B-504FA4331497}.Release|Any CPU.Build.0 = Release|Any CPU
		{A8293483-BA7A-40D3-A45C-0708EFB8F998}.Debug|Any CPU.ActiveCfg = Debug|Any CPU
		{A8293483-BA7A-40D3-A45C-0708EFB8F998}.Debug|Any CPU.Build.0 = Debug|Any CPU
		{A8293483-BA7A-40D3-A45C-0708EFB8F998}.Release|Any CPU.ActiveCfg = Release|Any CPU
		{A8293483-BA7A-40D3-A45C-0708EFB8F998}.Release|Any CPU.Build.0 = Release|Any CPU
		{52175871-7DF6-4B40-ADCB-4101E8D3D1A2}.Debug|Any CPU.ActiveCfg = Debug|Any CPU
		{52175871-7DF6-4B40-ADCB-4101E8D3D1A2}.Debug|Any CPU.Build.0 = Debug|Any CPU
		{52175871-7DF6-4B40-ADCB-4101E8D3D1A2}.Release|Any CPU.ActiveCfg = Release|Any CPU
		{52175871-7DF6-4B40-ADCB-4101E8D3D1A2}.Release|Any CPU.Build.0 = Release|Any CPU
		{ADA1E8D3-C13C-4747-8B4D-F4278E7CDFEC}.Debug|Any CPU.ActiveCfg = Debug|Any CPU
		{ADA1E8D3-C13C-4747-8B4D-F4278E7CDFEC}.Debug|Any CPU.Build.0 = Debug|Any CPU
		{ADA1E8D3-C13C-4747-8B4D-F4278E7CDFEC}.Release|Any CPU.ActiveCfg = Release|Any CPU
		{ADA1E8D3-C13C-4747-8B4D-F4278E7CDFEC}.Release|Any CPU.Build.0 = Release|Any CPU
		{19F39424-5F0F-42BF-BE04-40B20398C255}.Debug|Any CPU.ActiveCfg = Debug|Any CPU
		{19F39424-5F0F-42BF-BE04-40B20398C255}.Debug|Any CPU.Build.0 = Debug|Any CPU
		{19F39424-5F0F-42BF-BE04-40B20398C255}.Release|Any CPU.ActiveCfg = Release|Any CPU
		{19F39424-5F0F-42BF-BE04-40B20398C255}.Release|Any CPU.Build.0 = Release|Any CPU
		{F59ECA2C-146A-4708-B2C4-296F452C1AF3}.Debug|Any CPU.ActiveCfg = Debug|Any CPU
		{F59ECA2C-146A-4708-B2C4-296F452C1AF3}.Debug|Any CPU.Build.0 = Debug|Any CPU
		{F59ECA2C-146A-4708-B2C4-296F452C1AF3}.Release|Any CPU.ActiveCfg = Release|Any CPU
		{F59ECA2C-146A-4708-B2C4-296F452C1AF3}.Release|Any CPU.Build.0 = Release|Any CPU
		{54F2FA08-8E1C-4FC1-A5CF-51D742E29EF7}.Debug|Any CPU.ActiveCfg = Debug|Any CPU
		{54F2FA08-8E1C-4FC1-A5CF-51D742E29EF7}.Debug|Any CPU.Build.0 = Debug|Any CPU
		{54F2FA08-8E1C-4FC1-A5CF-51D742E29EF7}.Release|Any CPU.ActiveCfg = Release|Any CPU
		{54F2FA08-8E1C-4FC1-A5CF-51D742E29EF7}.Release|Any CPU.Build.0 = Release|Any CPU
		{88803B55-E0C0-4216-9033-50709F9B726A}.Debug|Any CPU.ActiveCfg = Debug|Any CPU
		{88803B55-E0C0-4216-9033-50709F9B726A}.Debug|Any CPU.Build.0 = Debug|Any CPU
		{88803B55-E0C0-4216-9033-50709F9B726A}.Release|Any CPU.ActiveCfg = Release|Any CPU
		{88803B55-E0C0-4216-9033-50709F9B726A}.Release|Any CPU.Build.0 = Release|Any CPU
		{E86FB3B0-278C-4E75-AE60-18DEFD8BE36E}.Debug|Any CPU.ActiveCfg = Debug|Any CPU
		{E86FB3B0-278C-4E75-AE60-18DEFD8BE36E}.Debug|Any CPU.Build.0 = Debug|Any CPU
		{E86FB3B0-278C-4E75-AE60-18DEFD8BE36E}.Release|Any CPU.ActiveCfg = Release|Any CPU
		{E86FB3B0-278C-4E75-AE60-18DEFD8BE36E}.Release|Any CPU.Build.0 = Release|Any CPU
		{73BCF909-4999-4663-BAE1-36B7734212B7}.Debug|Any CPU.ActiveCfg = Debug|Any CPU
		{73BCF909-4999-4663-BAE1-36B7734212B7}.Debug|Any CPU.Build.0 = Debug|Any CPU
		{73BCF909-4999-4663-BAE1-36B7734212B7}.Release|Any CPU.ActiveCfg = Release|Any CPU
		{73BCF909-4999-4663-BAE1-36B7734212B7}.Release|Any CPU.Build.0 = Release|Any CPU
		{5B2F3890-198E-4BE8-8464-10B4D97F976A}.Debug|Any CPU.ActiveCfg = Debug|Any CPU
		{5B2F3890-198E-4BE8-8464-10B4D97F976A}.Debug|Any CPU.Build.0 = Debug|Any CPU
		{5B2F3890-198E-4BE8-8464-10B4D97F976A}.Release|Any CPU.ActiveCfg = Release|Any CPU
		{5B2F3890-198E-4BE8-8464-10B4D97F976A}.Release|Any CPU.Build.0 = Release|Any CPU
		{71961A8D-B26F-46AE-A475-D00425D875A0}.Debug|Any CPU.ActiveCfg = Debug|Any CPU
		{71961A8D-B26F-46AE-A475-D00425D875A0}.Debug|Any CPU.Build.0 = Debug|Any CPU
		{71961A8D-B26F-46AE-A475-D00425D875A0}.Release|Any CPU.ActiveCfg = Release|Any CPU
		{71961A8D-B26F-46AE-A475-D00425D875A0}.Release|Any CPU.Build.0 = Release|Any CPU
		{FD3AB895-2AF6-447D-82CF-DB002B491D23}.Debug|Any CPU.ActiveCfg = Debug|Any CPU
		{FD3AB895-2AF6-447D-82CF-DB002B491D23}.Debug|Any CPU.Build.0 = Debug|Any CPU
		{FD3AB895-2AF6-447D-82CF-DB002B491D23}.Release|Any CPU.ActiveCfg = Release|Any CPU
		{FD3AB895-2AF6-447D-82CF-DB002B491D23}.Release|Any CPU.Build.0 = Release|Any CPU
		{45976302-07D6-4140-8847-F10EBA746FBA}.Debug|Any CPU.ActiveCfg = Debug|Any CPU
		{45976302-07D6-4140-8847-F10EBA746FBA}.Debug|Any CPU.Build.0 = Debug|Any CPU
		{45976302-07D6-4140-8847-F10EBA746FBA}.Release|Any CPU.ActiveCfg = Release|Any CPU
		{45976302-07D6-4140-8847-F10EBA746FBA}.Release|Any CPU.Build.0 = Release|Any CPU
		{AB22C68A-3B9E-4003-884F-CDFA91C1A96F}.Debug|Any CPU.ActiveCfg = Debug|Any CPU
		{AB22C68A-3B9E-4003-884F-CDFA91C1A96F}.Debug|Any CPU.Build.0 = Debug|Any CPU
		{AB22C68A-3B9E-4003-884F-CDFA91C1A96F}.Release|Any CPU.ActiveCfg = Release|Any CPU
		{AB22C68A-3B9E-4003-884F-CDFA91C1A96F}.Release|Any CPU.Build.0 = Release|Any CPU
		{BBAA4829-2630-46A3-8115-5C16B7886E71}.Debug|Any CPU.ActiveCfg = Debug|Any CPU
		{BBAA4829-2630-46A3-8115-5C16B7886E71}.Debug|Any CPU.Build.0 = Debug|Any CPU
		{BBAA4829-2630-46A3-8115-5C16B7886E71}.Release|Any CPU.ActiveCfg = Release|Any CPU
		{BBAA4829-2630-46A3-8115-5C16B7886E71}.Release|Any CPU.Build.0 = Release|Any CPU
		{BAEC9AF5-64D2-4A63-8C3D-BD6F01D38469}.Debug|Any CPU.ActiveCfg = Debug|Any CPU
		{BAEC9AF5-64D2-4A63-8C3D-BD6F01D38469}.Debug|Any CPU.Build.0 = Debug|Any CPU
		{BAEC9AF5-64D2-4A63-8C3D-BD6F01D38469}.Release|Any CPU.ActiveCfg = Release|Any CPU
		{BAEC9AF5-64D2-4A63-8C3D-BD6F01D38469}.Release|Any CPU.Build.0 = Release|Any CPU
		{5A5610D6-FFB1-47B0-934A-73C8FD8A060B}.Debug|Any CPU.ActiveCfg = Debug|Any CPU
		{5A5610D6-FFB1-47B0-934A-73C8FD8A060B}.Debug|Any CPU.Build.0 = Debug|Any CPU
		{5A5610D6-FFB1-47B0-934A-73C8FD8A060B}.Release|Any CPU.ActiveCfg = Release|Any CPU
		{5A5610D6-FFB1-47B0-934A-73C8FD8A060B}.Release|Any CPU.Build.0 = Release|Any CPU
		{89263DF4-8D8E-4B2F-B3F9-B80C2A6E121C}.Debug|Any CPU.ActiveCfg = Debug|Any CPU
		{89263DF4-8D8E-4B2F-B3F9-B80C2A6E121C}.Debug|Any CPU.Build.0 = Debug|Any CPU
		{89263DF4-8D8E-4B2F-B3F9-B80C2A6E121C}.Release|Any CPU.ActiveCfg = Release|Any CPU
		{89263DF4-8D8E-4B2F-B3F9-B80C2A6E121C}.Release|Any CPU.Build.0 = Release|Any CPU
		{3D10A947-261C-4423-8BA7-FE6CA4F4316C}.Debug|Any CPU.ActiveCfg = Debug|Any CPU
		{3D10A947-261C-4423-8BA7-FE6CA4F4316C}.Debug|Any CPU.Build.0 = Debug|Any CPU
		{3D10A947-261C-4423-8BA7-FE6CA4F4316C}.Release|Any CPU.ActiveCfg = Release|Any CPU
		{3D10A947-261C-4423-8BA7-FE6CA4F4316C}.Release|Any CPU.Build.0 = Release|Any CPU
		{84409615-EECF-4579-83FA-CE66745568A8}.Debug|Any CPU.ActiveCfg = Debug|Any CPU
		{84409615-EECF-4579-83FA-CE66745568A8}.Debug|Any CPU.Build.0 = Debug|Any CPU
		{84409615-EECF-4579-83FA-CE66745568A8}.Release|Any CPU.ActiveCfg = Release|Any CPU
		{84409615-EECF-4579-83FA-CE66745568A8}.Release|Any CPU.Build.0 = Release|Any CPU
		{81994336-9EB6-44C0-8F02-11801A34A1F1}.Debug|Any CPU.ActiveCfg = Debug|Any CPU
		{81994336-9EB6-44C0-8F02-11801A34A1F1}.Debug|Any CPU.Build.0 = Debug|Any CPU
		{81994336-9EB6-44C0-8F02-11801A34A1F1}.Release|Any CPU.ActiveCfg = Release|Any CPU
		{81994336-9EB6-44C0-8F02-11801A34A1F1}.Release|Any CPU.Build.0 = Release|Any CPU
		{A2C211E1-EC48-4EAD-9A88-28590010D4C3}.Debug|Any CPU.ActiveCfg = Debug|Any CPU
		{A2C211E1-EC48-4EAD-9A88-28590010D4C3}.Debug|Any CPU.Build.0 = Debug|Any CPU
		{A2C211E1-EC48-4EAD-9A88-28590010D4C3}.Release|Any CPU.ActiveCfg = Release|Any CPU
		{A2C211E1-EC48-4EAD-9A88-28590010D4C3}.Release|Any CPU.Build.0 = Release|Any CPU
		{131F9B95-3221-4A31-9BB4-01C7253ABEE3}.Debug|Any CPU.ActiveCfg = Debug|Any CPU
		{131F9B95-3221-4A31-9BB4-01C7253ABEE3}.Debug|Any CPU.Build.0 = Debug|Any CPU
		{131F9B95-3221-4A31-9BB4-01C7253ABEE3}.Release|Any CPU.ActiveCfg = Release|Any CPU
		{131F9B95-3221-4A31-9BB4-01C7253ABEE3}.Release|Any CPU.Build.0 = Release|Any CPU
		{F65BA357-CCF8-47D1-A44B-ECE94C789111}.Debug|Any CPU.ActiveCfg = Debug|Any CPU
		{F65BA357-CCF8-47D1-A44B-ECE94C789111}.Debug|Any CPU.Build.0 = Debug|Any CPU
		{F65BA357-CCF8-47D1-A44B-ECE94C789111}.Release|Any CPU.ActiveCfg = Release|Any CPU
		{F65BA357-CCF8-47D1-A44B-ECE94C789111}.Release|Any CPU.Build.0 = Release|Any CPU
		{ADBD923E-7CF0-41D8-B434-163955502D20}.Debug|Any CPU.ActiveCfg = Debug|Any CPU
		{ADBD923E-7CF0-41D8-B434-163955502D20}.Debug|Any CPU.Build.0 = Debug|Any CPU
		{ADBD923E-7CF0-41D8-B434-163955502D20}.Release|Any CPU.ActiveCfg = Release|Any CPU
		{ADBD923E-7CF0-41D8-B434-163955502D20}.Release|Any CPU.Build.0 = Release|Any CPU
		{72AE377D-D868-4718-8FF8-DE65BB371ED7}.Debug|Any CPU.ActiveCfg = Debug|Any CPU
		{72AE377D-D868-4718-8FF8-DE65BB371ED7}.Debug|Any CPU.Build.0 = Debug|Any CPU
		{72AE377D-D868-4718-8FF8-DE65BB371ED7}.Release|Any CPU.ActiveCfg = Release|Any CPU
		{72AE377D-D868-4718-8FF8-DE65BB371ED7}.Release|Any CPU.Build.0 = Release|Any CPU
		{BFFB2281-4C06-4468-8916-7AA21E8C1C86}.Debug|Any CPU.ActiveCfg = Debug|Any CPU
		{BFFB2281-4C06-4468-8916-7AA21E8C1C86}.Debug|Any CPU.Build.0 = Debug|Any CPU
		{BFFB2281-4C06-4468-8916-7AA21E8C1C86}.Release|Any CPU.ActiveCfg = Release|Any CPU
		{BFFB2281-4C06-4468-8916-7AA21E8C1C86}.Release|Any CPU.Build.0 = Release|Any CPU
		{19568CFE-BCA1-41D7-90F9-81F88F0DA8D9}.Debug|Any CPU.ActiveCfg = Debug|Any CPU
		{19568CFE-BCA1-41D7-90F9-81F88F0DA8D9}.Debug|Any CPU.Build.0 = Debug|Any CPU
		{19568CFE-BCA1-41D7-90F9-81F88F0DA8D9}.Release|Any CPU.ActiveCfg = Release|Any CPU
		{19568CFE-BCA1-41D7-90F9-81F88F0DA8D9}.Release|Any CPU.Build.0 = Release|Any CPU
		{958D85C6-F097-4B24-94AA-825B7D754080}.Debug|Any CPU.ActiveCfg = Debug|Any CPU
		{958D85C6-F097-4B24-94AA-825B7D754080}.Debug|Any CPU.Build.0 = Debug|Any CPU
		{958D85C6-F097-4B24-94AA-825B7D754080}.Release|Any CPU.ActiveCfg = Release|Any CPU
		{958D85C6-F097-4B24-94AA-825B7D754080}.Release|Any CPU.Build.0 = Release|Any CPU
		{4AB8B7B1-57D4-4C0C-9FC2-17960853E8F1}.Debug|Any CPU.ActiveCfg = Debug|Any CPU
		{4AB8B7B1-57D4-4C0C-9FC2-17960853E8F1}.Debug|Any CPU.Build.0 = Debug|Any CPU
		{4AB8B7B1-57D4-4C0C-9FC2-17960853E8F1}.Release|Any CPU.ActiveCfg = Release|Any CPU
		{4AB8B7B1-57D4-4C0C-9FC2-17960853E8F1}.Release|Any CPU.Build.0 = Release|Any CPU
		{7E336A0D-6891-4E4F-B97B-EE3971821FD0}.Debug|Any CPU.ActiveCfg = Debug|Any CPU
		{7E336A0D-6891-4E4F-B97B-EE3971821FD0}.Debug|Any CPU.Build.0 = Debug|Any CPU
		{7E336A0D-6891-4E4F-B97B-EE3971821FD0}.Release|Any CPU.ActiveCfg = Release|Any CPU
		{7E336A0D-6891-4E4F-B97B-EE3971821FD0}.Release|Any CPU.Build.0 = Release|Any CPU
		{2C4DA880-555F-46D3-8008-A73D39246A00}.Debug|Any CPU.ActiveCfg = Debug|Any CPU
		{2C4DA880-555F-46D3-8008-A73D39246A00}.Debug|Any CPU.Build.0 = Debug|Any CPU
		{2C4DA880-555F-46D3-8008-A73D39246A00}.Release|Any CPU.ActiveCfg = Release|Any CPU
		{2C4DA880-555F-46D3-8008-A73D39246A00}.Release|Any CPU.Build.0 = Release|Any CPU
		{D5923959-E1CD-4F00-9F60-DB2BD615883D}.Debug|Any CPU.ActiveCfg = Debug|Any CPU
		{D5923959-E1CD-4F00-9F60-DB2BD615883D}.Debug|Any CPU.Build.0 = Debug|Any CPU
		{D5923959-E1CD-4F00-9F60-DB2BD615883D}.Release|Any CPU.ActiveCfg = Release|Any CPU
		{D5923959-E1CD-4F00-9F60-DB2BD615883D}.Release|Any CPU.Build.0 = Release|Any CPU
		{87435214-3CC0-4E8F-A3FA-02D074AE92E6}.Debug|Any CPU.ActiveCfg = Debug|Any CPU
		{87435214-3CC0-4E8F-A3FA-02D074AE92E6}.Debug|Any CPU.Build.0 = Debug|Any CPU
		{87435214-3CC0-4E8F-A3FA-02D074AE92E6}.Release|Any CPU.ActiveCfg = Release|Any CPU
		{87435214-3CC0-4E8F-A3FA-02D074AE92E6}.Release|Any CPU.Build.0 = Release|Any CPU
		{9A1C9135-D6B5-49F0-BC7A-D91472415492}.Debug|Any CPU.ActiveCfg = Debug|Any CPU
		{9A1C9135-D6B5-49F0-BC7A-D91472415492}.Debug|Any CPU.Build.0 = Debug|Any CPU
		{9A1C9135-D6B5-49F0-BC7A-D91472415492}.Release|Any CPU.ActiveCfg = Release|Any CPU
		{9A1C9135-D6B5-49F0-BC7A-D91472415492}.Release|Any CPU.Build.0 = Release|Any CPU
		{6BC8196B-2E50-4A92-9AE6-D130FE1B717E}.Debug|Any CPU.ActiveCfg = Debug|Any CPU
		{6BC8196B-2E50-4A92-9AE6-D130FE1B717E}.Debug|Any CPU.Build.0 = Debug|Any CPU
		{6BC8196B-2E50-4A92-9AE6-D130FE1B717E}.Release|Any CPU.ActiveCfg = Release|Any CPU
		{6BC8196B-2E50-4A92-9AE6-D130FE1B717E}.Release|Any CPU.Build.0 = Release|Any CPU
		{DE73FB52-CFDC-41F9-B227-73D330D38423}.Debug|Any CPU.ActiveCfg = Debug|Any CPU
		{DE73FB52-CFDC-41F9-B227-73D330D38423}.Debug|Any CPU.Build.0 = Debug|Any CPU
		{DE73FB52-CFDC-41F9-B227-73D330D38423}.Release|Any CPU.ActiveCfg = Release|Any CPU
		{DE73FB52-CFDC-41F9-B227-73D330D38423}.Release|Any CPU.Build.0 = Release|Any CPU
		{6D1BCA7E-63D5-4F5A-9DFC-D025E144A91C}.Debug|Any CPU.ActiveCfg = Debug|Any CPU
		{6D1BCA7E-63D5-4F5A-9DFC-D025E144A91C}.Debug|Any CPU.Build.0 = Debug|Any CPU
		{6D1BCA7E-63D5-4F5A-9DFC-D025E144A91C}.Release|Any CPU.ActiveCfg = Release|Any CPU
		{6D1BCA7E-63D5-4F5A-9DFC-D025E144A91C}.Release|Any CPU.Build.0 = Release|Any CPU
		{17B53DA0-B646-43FB-87D0-E525C4D65C01}.Debug|Any CPU.ActiveCfg = Debug|Any CPU
		{17B53DA0-B646-43FB-87D0-E525C4D65C01}.Debug|Any CPU.Build.0 = Debug|Any CPU
		{17B53DA0-B646-43FB-87D0-E525C4D65C01}.Release|Any CPU.ActiveCfg = Release|Any CPU
		{17B53DA0-B646-43FB-87D0-E525C4D65C01}.Release|Any CPU.Build.0 = Release|Any CPU
		{EB7E8C73-0493-4558-81A1-B267567380A6}.Debug|Any CPU.ActiveCfg = Debug|Any CPU
		{EB7E8C73-0493-4558-81A1-B267567380A6}.Debug|Any CPU.Build.0 = Debug|Any CPU
		{EB7E8C73-0493-4558-81A1-B267567380A6}.Release|Any CPU.ActiveCfg = Release|Any CPU
		{EB7E8C73-0493-4558-81A1-B267567380A6}.Release|Any CPU.Build.0 = Release|Any CPU
		{18EADA6F-2444-416F-B4A5-5F38E9BA58D6}.Debug|Any CPU.ActiveCfg = Debug|Any CPU
		{18EADA6F-2444-416F-B4A5-5F38E9BA58D6}.Debug|Any CPU.Build.0 = Debug|Any CPU
		{18EADA6F-2444-416F-B4A5-5F38E9BA58D6}.Release|Any CPU.ActiveCfg = Release|Any CPU
		{18EADA6F-2444-416F-B4A5-5F38E9BA58D6}.Release|Any CPU.Build.0 = Release|Any CPU
		{3F8C8C76-E06E-49BB-AEBF-333D63DB5EFA}.Debug|Any CPU.ActiveCfg = Debug|Any CPU
		{3F8C8C76-E06E-49BB-AEBF-333D63DB5EFA}.Debug|Any CPU.Build.0 = Debug|Any CPU
		{3F8C8C76-E06E-49BB-AEBF-333D63DB5EFA}.Release|Any CPU.ActiveCfg = Release|Any CPU
		{3F8C8C76-E06E-49BB-AEBF-333D63DB5EFA}.Release|Any CPU.Build.0 = Release|Any CPU
		{5C0CBF10-8C09-4CCC-B368-7B40C479023B}.Debug|Any CPU.ActiveCfg = Debug|Any CPU
		{5C0CBF10-8C09-4CCC-B368-7B40C479023B}.Debug|Any CPU.Build.0 = Debug|Any CPU
		{5C0CBF10-8C09-4CCC-B368-7B40C479023B}.Release|Any CPU.ActiveCfg = Release|Any CPU
		{5C0CBF10-8C09-4CCC-B368-7B40C479023B}.Release|Any CPU.Build.0 = Release|Any CPU
		{EC6ED167-62BF-4868-A5A7-398945F89AEB}.Debug|Any CPU.ActiveCfg = Debug|Any CPU
		{EC6ED167-62BF-4868-A5A7-398945F89AEB}.Debug|Any CPU.Build.0 = Debug|Any CPU
		{EC6ED167-62BF-4868-A5A7-398945F89AEB}.Release|Any CPU.ActiveCfg = Release|Any CPU
		{EC6ED167-62BF-4868-A5A7-398945F89AEB}.Release|Any CPU.Build.0 = Release|Any CPU
		{D5326931-D6DE-4408-ADA9-B52AE8EFDBA0}.Debug|Any CPU.ActiveCfg = Debug|Any CPU
		{D5326931-D6DE-4408-ADA9-B52AE8EFDBA0}.Debug|Any CPU.Build.0 = Debug|Any CPU
		{D5326931-D6DE-4408-ADA9-B52AE8EFDBA0}.Release|Any CPU.ActiveCfg = Release|Any CPU
		{D5326931-D6DE-4408-ADA9-B52AE8EFDBA0}.Release|Any CPU.Build.0 = Release|Any CPU
		{F5274979-B1A1-4868-96AA-DFBB4B3E362C}.Debug|Any CPU.ActiveCfg = Debug|Any CPU
		{F5274979-B1A1-4868-96AA-DFBB4B3E362C}.Debug|Any CPU.Build.0 = Debug|Any CPU
		{F5274979-B1A1-4868-96AA-DFBB4B3E362C}.Release|Any CPU.ActiveCfg = Release|Any CPU
		{F5274979-B1A1-4868-96AA-DFBB4B3E362C}.Release|Any CPU.Build.0 = Release|Any CPU
		{1C6523C3-BF77-4DAE-88F6-6FE3F0800733}.Debug|Any CPU.ActiveCfg = Debug|Any CPU
		{1C6523C3-BF77-4DAE-88F6-6FE3F0800733}.Debug|Any CPU.Build.0 = Debug|Any CPU
		{1C6523C3-BF77-4DAE-88F6-6FE3F0800733}.Release|Any CPU.ActiveCfg = Release|Any CPU
		{1C6523C3-BF77-4DAE-88F6-6FE3F0800733}.Release|Any CPU.Build.0 = Release|Any CPU
		{173AC8FA-FDE0-47F0-808C-FA19858F0C31}.Debug|Any CPU.ActiveCfg = Debug|Any CPU
		{173AC8FA-FDE0-47F0-808C-FA19858F0C31}.Debug|Any CPU.Build.0 = Debug|Any CPU
		{173AC8FA-FDE0-47F0-808C-FA19858F0C31}.Release|Any CPU.ActiveCfg = Release|Any CPU
		{173AC8FA-FDE0-47F0-808C-FA19858F0C31}.Release|Any CPU.Build.0 = Release|Any CPU
		{270AEC98-A3A9-46B0-8C8F-1B54877B9F39}.Debug|Any CPU.ActiveCfg = Debug|Any CPU
		{270AEC98-A3A9-46B0-8C8F-1B54877B9F39}.Debug|Any CPU.Build.0 = Debug|Any CPU
		{270AEC98-A3A9-46B0-8C8F-1B54877B9F39}.Release|Any CPU.ActiveCfg = Release|Any CPU
		{270AEC98-A3A9-46B0-8C8F-1B54877B9F39}.Release|Any CPU.Build.0 = Release|Any CPU
		{3C69001D-CD7B-4B1F-B706-EEE387D60B95}.Debug|Any CPU.ActiveCfg = Debug|Any CPU
		{3C69001D-CD7B-4B1F-B706-EEE387D60B95}.Debug|Any CPU.Build.0 = Debug|Any CPU
		{3C69001D-CD7B-4B1F-B706-EEE387D60B95}.Release|Any CPU.ActiveCfg = Release|Any CPU
		{3C69001D-CD7B-4B1F-B706-EEE387D60B95}.Release|Any CPU.Build.0 = Release|Any CPU
		{9B5EF61B-C577-48B4-BAF6-E776BEA50B26}.Debug|Any CPU.ActiveCfg = Debug|Any CPU
		{9B5EF61B-C577-48B4-BAF6-E776BEA50B26}.Debug|Any CPU.Build.0 = Debug|Any CPU
		{9B5EF61B-C577-48B4-BAF6-E776BEA50B26}.Release|Any CPU.ActiveCfg = Release|Any CPU
		{9B5EF61B-C577-48B4-BAF6-E776BEA50B26}.Release|Any CPU.Build.0 = Release|Any CPU
		{E81AAD8F-EF01-40A1-9C24-C2211FC8BBD3}.Debug|Any CPU.ActiveCfg = Debug|Any CPU
		{E81AAD8F-EF01-40A1-9C24-C2211FC8BBD3}.Debug|Any CPU.Build.0 = Debug|Any CPU
		{E81AAD8F-EF01-40A1-9C24-C2211FC8BBD3}.Release|Any CPU.ActiveCfg = Release|Any CPU
		{E81AAD8F-EF01-40A1-9C24-C2211FC8BBD3}.Release|Any CPU.Build.0 = Release|Any CPU
		{4D2488C6-34BB-4A26-919D-EFB45E32FC80}.Debug|Any CPU.ActiveCfg = Debug|Any CPU
		{4D2488C6-34BB-4A26-919D-EFB45E32FC80}.Debug|Any CPU.Build.0 = Debug|Any CPU
		{4D2488C6-34BB-4A26-919D-EFB45E32FC80}.Release|Any CPU.ActiveCfg = Release|Any CPU
		{4D2488C6-34BB-4A26-919D-EFB45E32FC80}.Release|Any CPU.Build.0 = Release|Any CPU
		{E5F042D7-DE4C-47A9-B75F-FA66FC87E1ED}.Debug|Any CPU.ActiveCfg = Debug|Any CPU
		{E5F042D7-DE4C-47A9-B75F-FA66FC87E1ED}.Debug|Any CPU.Build.0 = Debug|Any CPU
		{E5F042D7-DE4C-47A9-B75F-FA66FC87E1ED}.Release|Any CPU.ActiveCfg = Release|Any CPU
		{E5F042D7-DE4C-47A9-B75F-FA66FC87E1ED}.Release|Any CPU.Build.0 = Release|Any CPU
		{29F79540-9865-4308-8525-F9691810A179}.Debug|Any CPU.ActiveCfg = Debug|Any CPU
		{29F79540-9865-4308-8525-F9691810A179}.Debug|Any CPU.Build.0 = Debug|Any CPU
		{29F79540-9865-4308-8525-F9691810A179}.Release|Any CPU.ActiveCfg = Release|Any CPU
		{29F79540-9865-4308-8525-F9691810A179}.Release|Any CPU.Build.0 = Release|Any CPU
		{9E726456-BF76-4621-A722-376CBA0D8F8C}.Debug|Any CPU.ActiveCfg = Debug|Any CPU
		{9E726456-BF76-4621-A722-376CBA0D8F8C}.Debug|Any CPU.Build.0 = Debug|Any CPU
		{9E726456-BF76-4621-A722-376CBA0D8F8C}.Release|Any CPU.ActiveCfg = Release|Any CPU
		{9E726456-BF76-4621-A722-376CBA0D8F8C}.Release|Any CPU.Build.0 = Release|Any CPU
		{05EE8006-712E-4F07-86D4-CCD56F5CA044}.Debug|Any CPU.ActiveCfg = Debug|Any CPU
		{05EE8006-712E-4F07-86D4-CCD56F5CA044}.Debug|Any CPU.Build.0 = Debug|Any CPU
		{05EE8006-712E-4F07-86D4-CCD56F5CA044}.Release|Any CPU.ActiveCfg = Release|Any CPU
		{05EE8006-712E-4F07-86D4-CCD56F5CA044}.Release|Any CPU.Build.0 = Release|Any CPU
		{EEBF515E-694D-4FE3-8403-CFD069BDED82}.Debug|Any CPU.ActiveCfg = Debug|Any CPU
		{EEBF515E-694D-4FE3-8403-CFD069BDED82}.Debug|Any CPU.Build.0 = Debug|Any CPU
		{EEBF515E-694D-4FE3-8403-CFD069BDED82}.Release|Any CPU.ActiveCfg = Release|Any CPU
		{EEBF515E-694D-4FE3-8403-CFD069BDED82}.Release|Any CPU.Build.0 = Release|Any CPU
		{C8707822-B080-4353-8F07-C983EDCD6DCB}.Debug|Any CPU.ActiveCfg = Debug|Any CPU
		{C8707822-B080-4353-8F07-C983EDCD6DCB}.Debug|Any CPU.Build.0 = Debug|Any CPU
		{C8707822-B080-4353-8F07-C983EDCD6DCB}.Release|Any CPU.ActiveCfg = Release|Any CPU
		{C8707822-B080-4353-8F07-C983EDCD6DCB}.Release|Any CPU.Build.0 = Release|Any CPU
		{3A866E41-D03F-4FE1-9DA4-28373867FCAB}.Debug|Any CPU.ActiveCfg = Debug|Any CPU
		{3A866E41-D03F-4FE1-9DA4-28373867FCAB}.Debug|Any CPU.Build.0 = Debug|Any CPU
		{3A866E41-D03F-4FE1-9DA4-28373867FCAB}.Release|Any CPU.ActiveCfg = Release|Any CPU
		{3A866E41-D03F-4FE1-9DA4-28373867FCAB}.Release|Any CPU.Build.0 = Release|Any CPU
		{3E1BA14B-5B80-453E-BA98-04A324080EC7}.Debug|Any CPU.ActiveCfg = Debug|Any CPU
		{3E1BA14B-5B80-453E-BA98-04A324080EC7}.Debug|Any CPU.Build.0 = Debug|Any CPU
		{3E1BA14B-5B80-453E-BA98-04A324080EC7}.Release|Any CPU.ActiveCfg = Release|Any CPU
		{3E1BA14B-5B80-453E-BA98-04A324080EC7}.Release|Any CPU.Build.0 = Release|Any CPU
		{88EACF9D-224D-45AE-9DB0-00D716CCD0A1}.Debug|Any CPU.ActiveCfg = Debug|Any CPU
		{88EACF9D-224D-45AE-9DB0-00D716CCD0A1}.Debug|Any CPU.Build.0 = Debug|Any CPU
		{88EACF9D-224D-45AE-9DB0-00D716CCD0A1}.Release|Any CPU.ActiveCfg = Release|Any CPU
		{88EACF9D-224D-45AE-9DB0-00D716CCD0A1}.Release|Any CPU.Build.0 = Release|Any CPU
		{0E52EB8D-8F06-4155-ADD2-0D4967138CC3}.Debug|Any CPU.ActiveCfg = Debug|Any CPU
		{0E52EB8D-8F06-4155-ADD2-0D4967138CC3}.Debug|Any CPU.Build.0 = Debug|Any CPU
		{0E52EB8D-8F06-4155-ADD2-0D4967138CC3}.Release|Any CPU.ActiveCfg = Release|Any CPU
		{0E52EB8D-8F06-4155-ADD2-0D4967138CC3}.Release|Any CPU.Build.0 = Release|Any CPU
		{7BAF5BC0-F90F-4B20-BBC0-E4DC40A95D2C}.Debug|Any CPU.ActiveCfg = Debug|Any CPU
		{7BAF5BC0-F90F-4B20-BBC0-E4DC40A95D2C}.Debug|Any CPU.Build.0 = Debug|Any CPU
		{7BAF5BC0-F90F-4B20-BBC0-E4DC40A95D2C}.Release|Any CPU.ActiveCfg = Release|Any CPU
		{7BAF5BC0-F90F-4B20-BBC0-E4DC40A95D2C}.Release|Any CPU.Build.0 = Release|Any CPU
		{6507BE76-80C1-4446-9D5C-DCF17DEAC68D}.Debug|Any CPU.ActiveCfg = Debug|Any CPU
		{6507BE76-80C1-4446-9D5C-DCF17DEAC68D}.Debug|Any CPU.Build.0 = Debug|Any CPU
		{6507BE76-80C1-4446-9D5C-DCF17DEAC68D}.Release|Any CPU.ActiveCfg = Release|Any CPU
		{6507BE76-80C1-4446-9D5C-DCF17DEAC68D}.Release|Any CPU.Build.0 = Release|Any CPU
		{0C9995DB-C4EF-4B50-94E6-4F5C2E5C2AA2}.Debug|Any CPU.ActiveCfg = Debug|Any CPU
		{0C9995DB-C4EF-4B50-94E6-4F5C2E5C2AA2}.Debug|Any CPU.Build.0 = Debug|Any CPU
		{0C9995DB-C4EF-4B50-94E6-4F5C2E5C2AA2}.Release|Any CPU.ActiveCfg = Release|Any CPU
		{0C9995DB-C4EF-4B50-94E6-4F5C2E5C2AA2}.Release|Any CPU.Build.0 = Release|Any CPU
		{1D01E917-D145-47CF-BEC6-C190F154C11A}.Debug|Any CPU.ActiveCfg = Debug|Any CPU
		{1D01E917-D145-47CF-BEC6-C190F154C11A}.Debug|Any CPU.Build.0 = Debug|Any CPU
		{1D01E917-D145-47CF-BEC6-C190F154C11A}.Release|Any CPU.ActiveCfg = Release|Any CPU
		{1D01E917-D145-47CF-BEC6-C190F154C11A}.Release|Any CPU.Build.0 = Release|Any CPU
		{5C62A583-F131-424D-97B9-C5E4E500E398}.Debug|Any CPU.ActiveCfg = Debug|Any CPU
		{5C62A583-F131-424D-97B9-C5E4E500E398}.Debug|Any CPU.Build.0 = Debug|Any CPU
		{5C62A583-F131-424D-97B9-C5E4E500E398}.Release|Any CPU.ActiveCfg = Release|Any CPU
		{5C62A583-F131-424D-97B9-C5E4E500E398}.Release|Any CPU.Build.0 = Release|Any CPU
		{463B4FD5-02DC-41B4-B052-1FB65AC5284E}.Debug|Any CPU.ActiveCfg = Debug|Any CPU
		{463B4FD5-02DC-41B4-B052-1FB65AC5284E}.Debug|Any CPU.Build.0 = Debug|Any CPU
		{463B4FD5-02DC-41B4-B052-1FB65AC5284E}.Release|Any CPU.ActiveCfg = Release|Any CPU
		{463B4FD5-02DC-41B4-B052-1FB65AC5284E}.Release|Any CPU.Build.0 = Release|Any CPU
	EndGlobalSection
	GlobalSection(SolutionProperties) = preSolution
		HideSolutionNode = FALSE
	EndGlobalSection
	GlobalSection(NestedProjects) = preSolution
		{59727CCB-D4C6-4421-8469-F7891BFB6016} = {92358ECF-92AE-4F7F-A891-9FA603B77352}
		{75661B8D-0089-4EFF-A70E-F77318453003} = {92358ECF-92AE-4F7F-A891-9FA603B77352}
		{B48C6EE8-BCFA-47A5-A837-30DC9C261D7A} = {92358ECF-92AE-4F7F-A891-9FA603B77352}
		{DFAA25DE-5AC1-4505-A874-1A4A521827EA} = {F6A3381D-978A-4CBF-BC72-862FB75CD6AF}
		{37D7B212-5E9A-4489-B97A-74D6BE29787F} = {F6A3381D-978A-4CBF-BC72-862FB75CD6AF}
		{DFA0346F-61E1-496E-B844-AC485ED4682C} = {F6A3381D-978A-4CBF-BC72-862FB75CD6AF}
		{56CDE112-CBBE-4997-935F-978ACB732D98} = {79C549BA-2932-450A-B87D-635879361343}
		{F3C2076F-0618-46FE-A620-F25CD9217474} = {79C549BA-2932-450A-B87D-635879361343}
		{50CDE025-8520-4678-A061-0864AE6D73F0} = {79C549BA-2932-450A-B87D-635879361343}
		{6452E57B-532D-441C-AF4B-F9BB8BA53083} = {50CDE025-8520-4678-A061-0864AE6D73F0}
		{A5303DB4-07FF-4440-9ADA-D3116BA66116} = {50CDE025-8520-4678-A061-0864AE6D73F0}
		{308E2FEF-C0D6-43D0-83FB-2A1CCB6BF4C3} = {50CDE025-8520-4678-A061-0864AE6D73F0}
		{81A6D039-E75E-4C22-B34B-39E7B9FEF0B8} = {79C549BA-2932-450A-B87D-635879361343}
		{4AB2AFE9-7C0A-4466-B6F0-42997B251BF1} = {81A6D039-E75E-4C22-B34B-39E7B9FEF0B8}
		{D2F81383-5C44-4EE8-906D-B563E7DA4D21} = {79C549BA-2932-450A-B87D-635879361343}
		{4A110D33-787A-4C3B-B3A4-2024D235B9B4} = {D2F81383-5C44-4EE8-906D-B563E7DA4D21}
		{6FD578B7-E513-43FE-AA16-2FF43787CBD6} = {79C549BA-2932-450A-B87D-635879361343}
		{970DD190-0880-43F5-8A34-0D08BF587698} = {6FD578B7-E513-43FE-AA16-2FF43787CBD6}
		{A9B19067-9962-470C-BDE7-C2DD5A0CEC07} = {79C549BA-2932-450A-B87D-635879361343}
		{8E8A1A12-86D9-4DD1-B2B1-91AB905C4208} = {A9B19067-9962-470C-BDE7-C2DD5A0CEC07}
		{3A9A46EC-EECB-40D0-AA08-C9DC34B4C109} = {A9B19067-9962-470C-BDE7-C2DD5A0CEC07}
		{29AD5BD7-E651-494F-8947-3DBBD89A78E8} = {79C549BA-2932-450A-B87D-635879361343}
		{EDA593EF-94B5-4934-BD82-D60E2E0BE037} = {29AD5BD7-E651-494F-8947-3DBBD89A78E8}
		{217500EE-F445-4026-B140-C2598BF011C3} = {79C549BA-2932-450A-B87D-635879361343}
		{CD98E208-7BD4-40AA-99C4-9428F86CB4EA} = {217500EE-F445-4026-B140-C2598BF011C3}
		{573F08AC-AA58-4640-BBDB-4BBC3B77CD42} = {79C549BA-2932-450A-B87D-635879361343}
		{F72615C6-247B-4174-B457-C1938E8752B4} = {573F08AC-AA58-4640-BBDB-4BBC3B77CD42}
		{FD4B9AB2-CFF8-4F5B-B2A6-D3B3E6024F97} = {573F08AC-AA58-4640-BBDB-4BBC3B77CD42}
		{D716B232-B829-49CE-B2DF-1D4203C2552F} = {573F08AC-AA58-4640-BBDB-4BBC3B77CD42}
		{62643112-48C3-4F31-8D44-75B43DB0CD03} = {79C549BA-2932-450A-B87D-635879361343}
		{F63BF7C2-DC33-4464-841E-1C9F8A40BEAA} = {62643112-48C3-4F31-8D44-75B43DB0CD03}
		{777DB7C3-3CB7-457D-8A76-B09BB6DC71BB} = {79C549BA-2932-450A-B87D-635879361343}
		{B1386A87-D8CC-4238-8038-50A5321536CF} = {777DB7C3-3CB7-457D-8A76-B09BB6DC71BB}
		{80B303B9-DD1F-4D1E-9E62-0F507CDFBC38} = {777DB7C3-3CB7-457D-8A76-B09BB6DC71BB}
		{E165C115-B85D-407E-A2C2-0D3D734EDF20} = {A3766414-EB5C-40F7-B031-121804ED5D0A}
		{B8469A11-026F-4186-B9E0-F6C6B1B9575D} = {A3766414-EB5C-40F7-B031-121804ED5D0A}
		{B6CA96E4-674A-4616-9A38-DED07BE458E1} = {A3766414-EB5C-40F7-B031-121804ED5D0A}
		{54CBBAED-36D5-4855-BB4E-D1AE3523AA23} = {A3766414-EB5C-40F7-B031-121804ED5D0A}
		{6FFBD7CD-2B7D-4EC9-8D18-54E53F852B04} = {A3766414-EB5C-40F7-B031-121804ED5D0A}
		{707CBFB4-4D35-479E-9BAF-39B4DA9782DE} = {A3766414-EB5C-40F7-B031-121804ED5D0A}
		{556C4FAA-F4B1-4EA9-8921-CB1DF7D94C2A} = {55052FE3-F8C2-4E6C-97B0-C02ED1DBEA62}
		{9F5EE06F-7885-42EB-AC38-FBB61F169320} = {A3766414-EB5C-40F7-B031-121804ED5D0A}
		{CAA228DC-C0A0-41E0-9CD0-6F0C2CF77E11} = {A3766414-EB5C-40F7-B031-121804ED5D0A}
		{ABF077D0-AEE6-4C3A-BCF2-D681E35B4A73} = {A3766414-EB5C-40F7-B031-121804ED5D0A}
		{508A363E-17B0-4B6E-93F8-CC03D9885659} = {A3766414-EB5C-40F7-B031-121804ED5D0A}
		{EB8752A2-81C0-48BC-B9E1-7BFAD61C3C1E} = {A3766414-EB5C-40F7-B031-121804ED5D0A}
		{B0D04501-941F-4B10-A201-C7235CC26789} = {A3766414-EB5C-40F7-B031-121804ED5D0A}
		{5B96A876-9E87-491B-AF5A-C09D6CD3C9C4} = {A3766414-EB5C-40F7-B031-121804ED5D0A}
		{2CF084E3-F801-4529-A6ED-7F31C29D74E0} = {A3766414-EB5C-40F7-B031-121804ED5D0A}
		{8E1E89E9-BE96-42AF-863B-504FA4331497} = {A3766414-EB5C-40F7-B031-121804ED5D0A}
		{A8293483-BA7A-40D3-A45C-0708EFB8F998} = {A3766414-EB5C-40F7-B031-121804ED5D0A}
		{52175871-7DF6-4B40-ADCB-4101E8D3D1A2} = {A3766414-EB5C-40F7-B031-121804ED5D0A}
		{ADA1E8D3-C13C-4747-8B4D-F4278E7CDFEC} = {A3766414-EB5C-40F7-B031-121804ED5D0A}
		{19F39424-5F0F-42BF-BE04-40B20398C255} = {A3766414-EB5C-40F7-B031-121804ED5D0A}
		{F59ECA2C-146A-4708-B2C4-296F452C1AF3} = {A3766414-EB5C-40F7-B031-121804ED5D0A}
		{54F2FA08-8E1C-4FC1-A5CF-51D742E29EF7} = {A3766414-EB5C-40F7-B031-121804ED5D0A}
		{88803B55-E0C0-4216-9033-50709F9B726A} = {A3766414-EB5C-40F7-B031-121804ED5D0A}
		{E86FB3B0-278C-4E75-AE60-18DEFD8BE36E} = {A3766414-EB5C-40F7-B031-121804ED5D0A}
		{73BCF909-4999-4663-BAE1-36B7734212B7} = {A3766414-EB5C-40F7-B031-121804ED5D0A}
		{5B2F3890-198E-4BE8-8464-10B4D97F976A} = {A3766414-EB5C-40F7-B031-121804ED5D0A}
		{71961A8D-B26F-46AE-A475-D00425D875A0} = {A3766414-EB5C-40F7-B031-121804ED5D0A}
		{FD3AB895-2AF6-447D-82CF-DB002B491D23} = {A3766414-EB5C-40F7-B031-121804ED5D0A}
		{EEBF515E-694D-4FE3-8403-CFD069BDED82} = {450C3C4F-D418-4833-860F-D60935F85A82}
		{C8707822-B080-4353-8F07-C983EDCD6DCB} = {450C3C4F-D418-4833-860F-D60935F85A82}
		{3A866E41-D03F-4FE1-9DA4-28373867FCAB} = {450C3C4F-D418-4833-860F-D60935F85A82}
		{3E1BA14B-5B80-453E-BA98-04A324080EC7} = {450C3C4F-D418-4833-860F-D60935F85A82}
		{0E52EB8D-8F06-4155-ADD2-0D4967138CC3} = {450C3C4F-D418-4833-860F-D60935F85A82}
		{6507BE76-80C1-4446-9D5C-DCF17DEAC68D} = {450C3C4F-D418-4833-860F-D60935F85A82}
		{0C9995DB-C4EF-4B50-94E6-4F5C2E5C2AA2} = {450C3C4F-D418-4833-860F-D60935F85A82}
		{1D01E917-D145-47CF-BEC6-C190F154C11A} = {C939A45F-45B9-454D-ADBC-F07D513103AB}
	EndGlobalSection
	GlobalSection(ExtensibilityGlobals) = postSolution
		SolutionGuid = {ABF8089E-43D0-4010-84A7-7A9DCFE49357}
	EndGlobalSection
EndGlobal
